{
  "version": 4,
  "terraform_version": "0.12.29",
  "serial": 28,
  "lineage": "ea30db1f-9171-88df-7cf5-e2ae07f2183b",
  "outputs": {},
  "resources": [
    {
      "mode": "data",
      "type": "azurerm_key_vault",
      "name": "infra",
      "provider": "provider.azurerm",
      "instances": [
        {
          "schema_version": 0,
          "attributes": {
            "access_policy": [
              {
                "application_id": "",
                "certificate_permissions": [
                  "get",
                  "delete",
                  "list",
                  "create",
                  "import",
                  "update",
                  "deleteissuers",
                  "getissuers",
                  "listissuers",
                  "managecontacts",
                  "manageissuers",
                  "setissuers",
                  "recover",
                  "backup",
                  "restore"
                ],
                "key_permissions": [
                  "get",
                  "create",
                  "delete",
                  "list",
                  "update",
                  "import",
                  "backup",
                  "restore",
                  "recover"
                ],
                "object_id": "67d76736-d2fb-43bd-b599-6f9a3776752a",
                "secret_permissions": [
                  "get",
                  "list",
                  "set",
                  "delete",
                  "backup",
                  "restore",
                  "recover"
                ],
                "storage_permissions": [
                  "delete",
                  "deletesas",
                  "get",
                  "getsas",
                  "list",
                  "listsas",
                  "regeneratekey",
                  "set",
                  "setsas",
                  "update",
                  "recover",
                  "backup",
                  "restore"
                ],
                "tenant_id": "3ed490ae-eaf5-4f04-9c86-448277f5286e"
              },
              {
                "application_id": "",
                "certificate_permissions": [
                  "get",
                  "list",
                  "delete",
                  "create",
                  "import",
                  "update",
                  "managecontacts",
                  "getissuers",
                  "listissuers",
                  "setissuers",
                  "deleteissuers",
                  "manageissuers",
                  "recover",
                  "backup",
                  "restore"
                ],
                "key_permissions": [
                  "decrypt",
                  "encrypt",
                  "unwrapKey",
                  "wrapKey",
                  "verify",
                  "sign",
                  "get",
                  "list",
                  "update",
                  "create",
                  "import",
                  "delete",
                  "backup",
                  "restore",
                  "recover",
                  "purge"
                ],
                "object_id": "3b0f6349-e499-4214-8dab-e5eb28337d44",
                "secret_permissions": [
                  "get",
                  "list",
                  "set",
                  "delete",
                  "backup",
                  "restore",
                  "recover"
                ],
                "storage_permissions": [],
                "tenant_id": "3ed490ae-eaf5-4f04-9c86-448277f5286e"
              },
              {
                "application_id": "",
                "certificate_permissions": [
                  "get",
                  "list"
                ],
                "key_permissions": [],
                "object_id": "de744105-e99c-43d6-81d2-96847e585a61",
                "secret_permissions": [
                  "get",
                  "list"
                ],
                "storage_permissions": [],
                "tenant_id": "3ed490ae-eaf5-4f04-9c86-448277f5286e"
              }
            ],
            "enabled_for_deployment": true,
            "enabled_for_disk_encryption": true,
            "enabled_for_template_deployment": false,
            "id": "/subscriptions/50954c79-c9a7-4822-b2ee-603cb18d3260/resourceGroups/rg-laso-stg-ue-infra/providers/Microsoft.KeyVault/vaults/kv-laso-stg-ue-infra",
            "location": "eastus",
            "name": "kv-laso-stg-ue-infra",
            "network_acls": [],
            "purge_protection_enabled": false,
            "resource_group_name": "rg-laso-stg-ue-infra",
            "sku_name": "standard",
            "soft_delete_enabled": true,
            "tags": {},
            "tenant_id": "3ed490ae-eaf5-4f04-9c86-448277f5286e",
            "timeouts": null,
            "vault_uri": "https://kv-laso-stg-ue-infra.vault.azure.net/"
          }
        }
      ]
    },
    {
      "module": "module.virtualNetwork",
      "mode": "data",
      "type": "azurerm_key_vault",
      "name": "infra",
      "provider": "provider.azurerm",
      "instances": [
        {
          "schema_version": 0,
          "attributes": {
            "access_policy": [
              {
                "application_id": "",
                "certificate_permissions": [
                  "get",
                  "delete",
                  "list",
                  "create",
                  "import",
                  "update",
                  "deleteissuers",
                  "getissuers",
                  "listissuers",
                  "managecontacts",
                  "manageissuers",
                  "setissuers",
                  "recover",
                  "backup",
                  "restore"
                ],
                "key_permissions": [
                  "get",
                  "create",
                  "delete",
                  "list",
                  "update",
                  "import",
                  "backup",
                  "restore",
                  "recover"
                ],
                "object_id": "67d76736-d2fb-43bd-b599-6f9a3776752a",
                "secret_permissions": [
                  "get",
                  "list",
                  "set",
                  "delete",
                  "backup",
                  "restore",
                  "recover"
                ],
                "storage_permissions": [
                  "delete",
                  "deletesas",
                  "get",
                  "getsas",
                  "list",
                  "listsas",
                  "regeneratekey",
                  "set",
                  "setsas",
                  "update",
                  "recover",
                  "backup",
                  "restore"
                ],
                "tenant_id": "3ed490ae-eaf5-4f04-9c86-448277f5286e"
              },
              {
                "application_id": "",
                "certificate_permissions": [
                  "get",
                  "list",
                  "delete",
                  "create",
                  "import",
                  "update",
                  "managecontacts",
                  "getissuers",
                  "listissuers",
                  "setissuers",
                  "deleteissuers",
                  "manageissuers",
                  "recover",
                  "backup",
                  "restore"
                ],
                "key_permissions": [
                  "decrypt",
                  "encrypt",
                  "unwrapKey",
                  "wrapKey",
                  "verify",
                  "sign",
                  "get",
                  "list",
                  "update",
                  "create",
                  "import",
                  "delete",
                  "backup",
                  "restore",
                  "recover",
                  "purge"
                ],
                "object_id": "3b0f6349-e499-4214-8dab-e5eb28337d44",
                "secret_permissions": [
                  "get",
                  "list",
                  "set",
                  "delete",
                  "backup",
                  "restore",
                  "recover"
                ],
                "storage_permissions": [],
                "tenant_id": "3ed490ae-eaf5-4f04-9c86-448277f5286e"
              },
              {
                "application_id": "",
                "certificate_permissions": [
                  "get",
                  "list"
                ],
                "key_permissions": [],
                "object_id": "de744105-e99c-43d6-81d2-96847e585a61",
                "secret_permissions": [
                  "get",
                  "list"
                ],
                "storage_permissions": [],
                "tenant_id": "3ed490ae-eaf5-4f04-9c86-448277f5286e"
              }
            ],
            "enabled_for_deployment": true,
            "enabled_for_disk_encryption": true,
            "enabled_for_template_deployment": false,
            "id": "/subscriptions/50954c79-c9a7-4822-b2ee-603cb18d3260/resourceGroups/rg-laso-stg-ue-infra/providers/Microsoft.KeyVault/vaults/kv-laso-stg-ue-infra",
            "location": "eastus",
            "name": "kv-laso-stg-ue-infra",
            "network_acls": [],
            "purge_protection_enabled": false,
            "resource_group_name": "rg-laso-stg-ue-infra",
            "sku_name": "standard",
            "soft_delete_enabled": true,
            "tags": {},
            "tenant_id": "3ed490ae-eaf5-4f04-9c86-448277f5286e",
            "timeouts": null,
            "vault_uri": "https://kv-laso-stg-ue-infra.vault.azure.net/"
          }
        }
      ]
    },
    {
      "module": "module.virtualNetwork",
      "mode": "data",
      "type": "azurerm_key_vault_secret",
      "name": "rootCert",
      "provider": "provider.azurerm",
      "instances": [
        {
          "schema_version": 0,
          "attributes": {
            "content_type": "",
            "id": "https://kv-laso-stg-ue-infra.vault.azure.net/secrets/vnet-laso-stg-ue-RootCert-PublicKey/0da404bf52e04751bd8a58ed7337b380",
            "key_vault_id": "/subscriptions/50954c79-c9a7-4822-b2ee-603cb18d3260/resourceGroups/rg-laso-stg-ue-infra/providers/Microsoft.KeyVault/vaults/kv-laso-stg-ue-infra",
            "name": "vnet-laso-stg-ue-RootCert-PublicKey",
            "tags": {},
            "timeouts": null,
            "value": "MIIDAzCCAeugAwIBAgIQG7mMd7KAN4VCwKQWuB6a3jANBgkqhkiG9w0BAQsFADAkMSIwIAYDVQQDDBl2bmV0LWxhc28tc3RnLXVlLVJvb3RDZXJ0MB4XDTIwMDgxODE2MDkxNVoXDTIxMDgxODE2MjkxNVowJDEiMCAGA1UEAwwZdm5ldC1sYXNvLXN0Zy11ZS1Sb290Q2VydDCCASIwDQYJKoZIhvcNAQEBBQADggEPADCCAQoCggEBAKYpSD44P6fF4fDqDgwiLSGskBr7GJbnp8lWaz5I+LGKODsXOVqG8kfKkukV1EvxDPGSKkf+pQ8C32O75l22oDG9m428zv58Dj6KfDw0Ds43wN+rMFl1LUqjlf5f2Gj9sXNisqe6EYvDdavkap1GCqVvgk0lc/09/RNrWvRJRWMyI68lK/SNH2rFLuKrz+m+bbI0xuUNPM3fFOeolW9Goi5QZrlgvUltrkknvwvXeMJHgoqrO1WkkFONV07SQymM33SJDUNDnRzh9xXfWp0sy9BuYu0M/MtFLdDKEKZ5MPEv18KZaM9GRqdul4cIbgBeMB9Hjlz/hgPJjqIRTBXi/zECAwEAAaMxMC8wDgYDVR0PAQH/BAQDAgIEMB0GA1UdDgQWBBQd6cnJ4FiUgL+RcqBdHjZ96oDuKjANBgkqhkiG9w0BAQsFAAOCAQEAZv0b2t715X9iX9OBKs/tm+CzHjQSd5go/i/M27R1Zb4mDcwm6P/gF94dPKuvEXOG1/r9iCgVrUNRTx4P1b+T0AEjMAFcV4KVC5yHK/M+yLS/lCjW0M8Jor2eLHRTr/T8HbYKT6MPQ4n4mwKbazLa6uui0/9jR8DUqUZvtaLawtc6N9adbVIakn1iyEU5IP/+z8lCIlaY2us3eXwuZNZv6fQJ/yw9DwmCWXb5M2B5czOhW1Rc8f1l3xFkHQq59Ly0dWb+Cj4pIm4doJGTvfdg7cevOWYPYWH2GiV9+rq90SbzVNk0zx8q9QWdX/5P1ixNgv4pXHnAvNctxYQ4hGmRtA==",
            "version": "0da404bf52e04751bd8a58ed7337b380"
          }
        }
      ]
    },
    {
      "mode": "data",
      "type": "azurerm_resource_group",
      "name": "rg",
      "provider": "provider.azurerm",
      "instances": [
        {
          "schema_version": 0,
          "attributes": {
            "id": "/subscriptions/50954c79-c9a7-4822-b2ee-603cb18d3260/resourceGroups/rg-laso-stg-ue-infra",
            "location": "eastus",
            "name": "rg-laso-stg-ue-infra",
            "tags": {},
            "timeouts": null
          }
        }
      ]
    },
    {
      "module": "module.storageAccount",
      "mode": "data",
      "type": "azurerm_resource_group",
      "name": "rg",
      "provider": "provider.azurerm",
      "instances": [
        {
          "schema_version": 0,
          "attributes": {
            "id": "/subscriptions/50954c79-c9a7-4822-b2ee-603cb18d3260/resourceGroups/rg-laso-stg-ue-infra",
            "location": "eastus",
            "name": "rg-laso-stg-ue-infra",
            "tags": {},
            "timeouts": null
          }
        }
      ]
    },
    {
      "module": "module.virtualNetwork",
      "mode": "managed",
      "type": "azurerm_firewall",
      "name": "instance",
      "each": "list",
      "provider": "provider.azurerm",
      "instances": []
    },
    {
      "module": "module.virtualNetwork",
      "mode": "managed",
      "type": "azurerm_firewall_application_rule_collection",
      "name": "Whitelist_Outbound_Infra",
      "each": "list",
      "provider": "provider.azurerm",
      "instances": []
    },
    {
      "module": "module.virtualNetwork",
      "mode": "managed",
      "type": "azurerm_firewall_network_rule_collection",
      "name": "outbound",
      "each": "list",
      "provider": "provider.azurerm",
      "instances": []
    },
    {
      "module": "module.virtualNetwork",
      "mode": "managed",
      "type": "azurerm_local_network_gateway",
      "name": "instance",
      "each": "list",
      "provider": "provider.azurerm",
      "instances": [
        {
          "index_key": 0,
          "schema_version": 0,
          "attributes": {
            "address_space": [
              "192.168.2.0/24"
            ],
            "bgp_settings": [],
            "gateway_address": "45.25.134.49",
            "id": "/subscriptions/50954c79-c9a7-4822-b2ee-603cb18d3260/resourceGroups/rg-laso-stg-ue-infra/providers/Microsoft.Network/localNetworkGateways/lng-Technology-Center",
            "location": "eastus",
            "name": "lng-Technology-Center",
            "resource_group_name": "rg-laso-stg-ue-infra",
            "tags": {
              "Environment": "stg",
              "Region": "East US",
              "Role": "infra",
              "Tenant": "laso"
            },
            "timeouts": null
          },
          "private": "eyJlMmJmYjczMC1lY2FhLTExZTYtOGY4OC0zNDM2M2JjN2M0YzAiOnsiY3JlYXRlIjoxODAwMDAwMDAwMDAwLCJkZWxldGUiOjE4MDAwMDAwMDAwMDAsInJlYWQiOjMwMDAwMDAwMDAwMCwidXBkYXRlIjoxODAwMDAwMDAwMDAwfX0="
        }
      ]
    },
    {
      "module": "module.virtualNetwork",
      "mode": "managed",
      "type": "azurerm_public_ip",
      "name": "fwPip",
      "each": "list",
      "provider": "provider.azurerm",
      "instances": []
    },
    {
      "module": "module.virtualNetwork",
      "mode": "managed",
      "type": "azurerm_public_ip",
      "name": "vngPip",
      "each": "list",
      "provider": "provider.azurerm",
      "instances": [
        {
          "index_key": 0,
          "schema_version": 0,
          "attributes": {
            "allocation_method": "Dynamic",
            "domain_name_label": null,
            "fqdn": null,
            "id": "/subscriptions/50954c79-c9a7-4822-b2ee-603cb18d3260/resourceGroups/rg-laso-stg-ue-infra/providers/Microsoft.Network/publicIPAddresses/pip-vng-vnet-laso-stg-ue",
            "idle_timeout_in_minutes": 4,
            "ip_address": "13.90.40.38",
            "ip_version": "IPv4",
            "location": "eastus",
            "name": "pip-vng-vnet-laso-stg-ue",
            "public_ip_prefix_id": null,
            "resource_group_name": "rg-laso-stg-ue-infra",
            "reverse_fqdn": null,
            "sku": "Basic",
            "tags": {
              "Environment": "stg",
              "Region": "East US",
              "Role": "infra",
              "Tenant": "laso"
            },
            "timeouts": null,
            "zones": []
          },
          "private": "eyJlMmJmYjczMC1lY2FhLTExZTYtOGY4OC0zNDM2M2JjN2M0YzAiOnsiY3JlYXRlIjoxODAwMDAwMDAwMDAwLCJkZWxldGUiOjE4MDAwMDAwMDAwMDAsInJlYWQiOjMwMDAwMDAwMDAwMCwidXBkYXRlIjoxODAwMDAwMDAwMDAwfX0="
        }
      ]
    },
    {
      "module": "module.virtualNetwork",
      "mode": "managed",
      "type": "azurerm_route_table",
      "name": "defaultRouteTable",
      "each": "list",
      "provider": "provider.azurerm",
      "instances": []
    },
    {
      "module": "module.storageAccount",
      "mode": "managed",
      "type": "azurerm_storage_account",
      "name": "instance",
      "provider": "provider.azurerm",
      "instances": [
        {
          "schema_version": 2,
          "attributes": {
            "access_tier": "Hot",
            "account_kind": "StorageV2",
            "account_replication_type": "GRS",
            "account_tier": "Standard",
            "blob_properties": [],
            "custom_domain": [],
            "enable_https_traffic_only": true,
            "id": "/subscriptions/50954c79-c9a7-4822-b2ee-603cb18d3260/resourceGroups/rg-laso-stg-ue-infra/providers/Microsoft.Storage/storageAccounts/lasostgueaudit",
            "identity": [],
            "is_hns_enabled": false,
            "location": "eastus",
            "name": "lasostgueaudit",
            "network_rules": [
              {
                "bypass": [
                  "AzureServices"
                ],
                "default_action": "Allow",
                "ip_rules": [],
                "virtual_network_subnet_ids": []
              }
            ],
            "primary_access_key": "oXIvIUyhnhUCfvnOUtviY0CD1+C+QUS5l4KuYBTdgGsi5jW6qvf4+PeNw7oiHGX7UYA6iQuCFESAFVhqZpkTlQ==",
            "primary_blob_connection_string": "DefaultEndpointsProtocol=https;BlobEndpoint=https://lasostgueaudit.blob.core.windows.net/;AccountName=lasostgueaudit;AccountKey=oXIvIUyhnhUCfvnOUtviY0CD1+C+QUS5l4KuYBTdgGsi5jW6qvf4+PeNw7oiHGX7UYA6iQuCFESAFVhqZpkTlQ==",
            "primary_blob_endpoint": "https://lasostgueaudit.blob.core.windows.net/",
            "primary_blob_host": "lasostgueaudit.blob.core.windows.net",
            "primary_connection_string": "DefaultEndpointsProtocol=https;AccountName=lasostgueaudit;AccountKey=oXIvIUyhnhUCfvnOUtviY0CD1+C+QUS5l4KuYBTdgGsi5jW6qvf4+PeNw7oiHGX7UYA6iQuCFESAFVhqZpkTlQ==;EndpointSuffix=core.windows.net",
            "primary_dfs_endpoint": "https://lasostgueaudit.dfs.core.windows.net/",
            "primary_dfs_host": "lasostgueaudit.dfs.core.windows.net",
            "primary_file_endpoint": "https://lasostgueaudit.file.core.windows.net/",
            "primary_file_host": "lasostgueaudit.file.core.windows.net",
            "primary_location": "eastus",
            "primary_queue_endpoint": "https://lasostgueaudit.queue.core.windows.net/",
            "primary_queue_host": "lasostgueaudit.queue.core.windows.net",
            "primary_table_endpoint": "https://lasostgueaudit.table.core.windows.net/",
            "primary_table_host": "lasostgueaudit.table.core.windows.net",
            "primary_web_endpoint": "https://lasostgueaudit.z13.web.core.windows.net/",
            "primary_web_host": "lasostgueaudit.z13.web.core.windows.net",
            "queue_properties": [
              {
                "cors_rule": [],
                "hour_metrics": [
                  {
                    "enabled": true,
                    "include_apis": true,
                    "retention_policy_days": 7,
                    "version": "1.0"
                  }
                ],
                "logging": [
                  {
                    "delete": false,
                    "read": false,
                    "retention_policy_days": 0,
                    "version": "1.0",
                    "write": false
                  }
                ],
                "minute_metrics": [
                  {
                    "enabled": false,
                    "include_apis": false,
                    "retention_policy_days": 0,
                    "version": "1.0"
                  }
                ]
              }
            ],
            "resource_group_name": "rg-laso-stg-ue-infra",
            "secondary_access_key": "FMKNDkSArrqG4utLG9BzTPEZMcpWAOlecPTPv3AJ668doZEgUpv9VyKx0YrkqDOd0o9bKxjbimfCfFOB84EZ7g==",
            "secondary_blob_connection_string": "",
            "secondary_blob_endpoint": null,
            "secondary_blob_host": null,
            "secondary_connection_string": "DefaultEndpointsProtocol=https;AccountName=lasostgueaudit;AccountKey=FMKNDkSArrqG4utLG9BzTPEZMcpWAOlecPTPv3AJ668doZEgUpv9VyKx0YrkqDOd0o9bKxjbimfCfFOB84EZ7g==;EndpointSuffix=core.windows.net",
            "secondary_dfs_endpoint": null,
            "secondary_dfs_host": null,
            "secondary_file_endpoint": null,
            "secondary_file_host": null,
            "secondary_location": "westus",
            "secondary_queue_endpoint": null,
            "secondary_queue_host": null,
            "secondary_table_endpoint": null,
            "secondary_table_host": null,
            "secondary_web_endpoint": null,
            "secondary_web_host": null,
            "static_website": [],
            "tags": {
              "Environment": "stg",
              "Region": "East US",
              "Role": "audit",
              "Tenant": "laso"
            },
            "timeouts": null
          },
          "private": "eyJlMmJmYjczMC1lY2FhLTExZTYtOGY4OC0zNDM2M2JjN2M0YzAiOnsiY3JlYXRlIjozNjAwMDAwMDAwMDAwLCJkZWxldGUiOjM2MDAwMDAwMDAwMDAsInJlYWQiOjMwMDAwMDAwMDAwMCwidXBkYXRlIjozNjAwMDAwMDAwMDAwfSwic2NoZW1hX3ZlcnNpb24iOiIyIn0="
        }
      ]
    },
    {
      "module": "module.virtualNetwork",
      "mode": "managed",
      "type": "azurerm_subnet",
      "name": "Apps",
      "provider": "provider.azurerm",
      "instances": [
        {
          "schema_version": 0,
          "attributes": {
            "address_prefix": "172.19.2.0/24",
            "delegation": [],
            "enforce_private_link_endpoint_network_policies": false,
            "enforce_private_link_service_network_policies": false,
            "id": "/subscriptions/50954c79-c9a7-4822-b2ee-603cb18d3260/resourceGroups/rg-laso-stg-ue-infra/providers/Microsoft.Network/virtualNetworks/vnet-laso-stg-ue/subnets/Apps",
            "name": "Apps",
            "resource_group_name": "rg-laso-stg-ue-infra",
            "service_endpoints": [
              "Microsoft.AzureActiveDirectory",
              "Microsoft.KeyVault",
              "Microsoft.Storage",
              "Microsoft.Sql"
            ],
            "timeouts": null,
            "virtual_network_name": "vnet-laso-stg-ue"
          },
          "private": "eyJlMmJmYjczMC1lY2FhLTExZTYtOGY4OC0zNDM2M2JjN2M0YzAiOnsiY3JlYXRlIjoxODAwMDAwMDAwMDAwLCJkZWxldGUiOjE4MDAwMDAwMDAwMDAsInJlYWQiOjMwMDAwMDAwMDAwMCwidXBkYXRlIjoxODAwMDAwMDAwMDAwfX0=",
          "dependencies": [
            "module.virtualNetwork.azurerm_virtual_network.instance"
          ]
        }
      ]
    },
    {
      "module": "module.virtualNetwork",
      "mode": "managed",
      "type": "azurerm_subnet",
      "name": "AzureFirewallSubnet",
      "provider": "provider.azurerm",
      "instances": [
        {
          "schema_version": 0,
          "attributes": {
            "address_prefix": "172.19.0.0/24",
            "delegation": [],
            "enforce_private_link_endpoint_network_policies": false,
            "enforce_private_link_service_network_policies": false,
            "id": "/subscriptions/50954c79-c9a7-4822-b2ee-603cb18d3260/resourceGroups/rg-laso-stg-ue-infra/providers/Microsoft.Network/virtualNetworks/vnet-laso-stg-ue/subnets/AzureFirewallSubnet",
            "name": "AzureFirewallSubnet",
            "resource_group_name": "rg-laso-stg-ue-infra",
            "service_endpoints": [
              "Microsoft.KeyVault"
            ],
            "timeouts": null,
            "virtual_network_name": "vnet-laso-stg-ue"
          },
          "private": "eyJlMmJmYjczMC1lY2FhLTExZTYtOGY4OC0zNDM2M2JjN2M0YzAiOnsiY3JlYXRlIjoxODAwMDAwMDAwMDAwLCJkZWxldGUiOjE4MDAwMDAwMDAwMDAsInJlYWQiOjMwMDAwMDAwMDAwMCwidXBkYXRlIjoxODAwMDAwMDAwMDAwfX0=",
          "dependencies": [
            "module.virtualNetwork.azurerm_virtual_network.instance"
          ]
        }
      ]
    },
    {
      "module": "module.virtualNetwork",
      "mode": "managed",
      "type": "azurerm_subnet",
      "name": "Container-Infra",
      "provider": "provider.azurerm",
      "instances": [
        {
          "schema_version": 0,
          "attributes": {
            "address_prefix": "172.19.253.0/24",
            "delegation": [],
            "enforce_private_link_endpoint_network_policies": false,
            "enforce_private_link_service_network_policies": false,
            "id": "/subscriptions/50954c79-c9a7-4822-b2ee-603cb18d3260/resourceGroups/rg-laso-stg-ue-infra/providers/Microsoft.Network/virtualNetworks/vnet-laso-stg-ue/subnets/Container-Infra",
            "name": "Container-Infra",
            "resource_group_name": "rg-laso-stg-ue-infra",
            "service_endpoints": [
              "Microsoft.AzureActiveDirectory",
              "Microsoft.KeyVault",
              "Microsoft.Storage"
            ],
            "timeouts": null,
            "virtual_network_name": "vnet-laso-stg-ue"
          },
          "private": "eyJlMmJmYjczMC1lY2FhLTExZTYtOGY4OC0zNDM2M2JjN2M0YzAiOnsiY3JlYXRlIjoxODAwMDAwMDAwMDAwLCJkZWxldGUiOjE4MDAwMDAwMDAwMDAsInJlYWQiOjMwMDAwMDAwMDAwMCwidXBkYXRlIjoxODAwMDAwMDAwMDAwfX0=",
          "dependencies": [
            "module.virtualNetwork.azurerm_virtual_network.instance"
          ]
        }
      ]
    },
    {
      "module": "module.virtualNetwork",
      "mode": "managed",
      "type": "azurerm_subnet",
      "name": "DMZ",
      "provider": "provider.azurerm",
      "instances": [
        {
          "schema_version": 0,
          "attributes": {
            "address_prefix": "172.19.1.0/24",
            "delegation": [],
            "enforce_private_link_endpoint_network_policies": false,
            "enforce_private_link_service_network_policies": false,
            "id": "/subscriptions/50954c79-c9a7-4822-b2ee-603cb18d3260/resourceGroups/rg-laso-stg-ue-infra/providers/Microsoft.Network/virtualNetworks/vnet-laso-stg-ue/subnets/DMZ",
            "name": "DMZ",
            "resource_group_name": "rg-laso-stg-ue-infra",
            "service_endpoints": [
              "Microsoft.AzureActiveDirectory",
              "Microsoft.KeyVault",
              "Microsoft.Storage"
            ],
            "timeouts": null,
            "virtual_network_name": "vnet-laso-stg-ue"
          },
          "private": "eyJlMmJmYjczMC1lY2FhLTExZTYtOGY4OC0zNDM2M2JjN2M0YzAiOnsiY3JlYXRlIjoxODAwMDAwMDAwMDAwLCJkZWxldGUiOjE4MDAwMDAwMDAwMDAsInJlYWQiOjMwMDAwMDAwMDAwMCwidXBkYXRlIjoxODAwMDAwMDAwMDAwfX0=",
          "dependencies": [
            "module.virtualNetwork.azurerm_virtual_network.instance"
          ]
        }
      ]
    },
    {
      "module": "module.virtualNetwork",
      "mode": "managed",
      "type": "azurerm_subnet",
      "name": "Data",
      "provider": "provider.azurerm",
      "instances": [
        {
          "schema_version": 0,
          "attributes": {
            "address_prefix": "172.19.3.0/24",
            "delegation": [],
            "enforce_private_link_endpoint_network_policies": false,
            "enforce_private_link_service_network_policies": false,
            "id": "/subscriptions/50954c79-c9a7-4822-b2ee-603cb18d3260/resourceGroups/rg-laso-stg-ue-infra/providers/Microsoft.Network/virtualNetworks/vnet-laso-stg-ue/subnets/Data",
            "name": "Data",
            "resource_group_name": "rg-laso-stg-ue-infra",
            "service_endpoints": [
              "Microsoft.AzureActiveDirectory",
              "Microsoft.KeyVault",
              "Microsoft.Storage",
              "Microsoft.Sql"
            ],
            "timeouts": null,
            "virtual_network_name": "vnet-laso-stg-ue"
          },
          "private": "eyJlMmJmYjczMC1lY2FhLTExZTYtOGY4OC0zNDM2M2JjN2M0YzAiOnsiY3JlYXRlIjoxODAwMDAwMDAwMDAwLCJkZWxldGUiOjE4MDAwMDAwMDAwMDAsInJlYWQiOjMwMDAwMDAwMDAwMCwidXBkYXRlIjoxODAwMDAwMDAwMDAwfX0=",
          "dependencies": [
            "module.virtualNetwork.azurerm_virtual_network.instance"
          ]
        }
      ]
    },
    {
      "module": "module.virtualNetwork",
      "mode": "managed",
      "type": "azurerm_subnet",
      "name": "GatewaySubnet",
      "provider": "provider.azurerm",
      "instances": [
        {
          "schema_version": 0,
          "attributes": {
            "address_prefix": "172.19.252.0/24",
            "delegation": [],
            "enforce_private_link_endpoint_network_policies": false,
            "enforce_private_link_service_network_policies": false,
            "id": "/subscriptions/50954c79-c9a7-4822-b2ee-603cb18d3260/resourceGroups/rg-laso-stg-ue-infra/providers/Microsoft.Network/virtualNetworks/vnet-laso-stg-ue/subnets/GatewaySubnet",
            "name": "GatewaySubnet",
            "resource_group_name": "rg-laso-stg-ue-infra",
            "service_endpoints": [
              "Microsoft.KeyVault"
            ],
            "timeouts": null,
            "virtual_network_name": "vnet-laso-stg-ue"
          },
          "private": "eyJlMmJmYjczMC1lY2FhLTExZTYtOGY4OC0zNDM2M2JjN2M0YzAiOnsiY3JlYXRlIjoxODAwMDAwMDAwMDAwLCJkZWxldGUiOjE4MDAwMDAwMDAwMDAsInJlYWQiOjMwMDAwMDAwMDAwMCwidXBkYXRlIjoxODAwMDAwMDAwMDAwfX0=",
          "dependencies": [
            "module.virtualNetwork.azurerm_virtual_network.instance"
          ]
        }
      ]
    },
    {
      "module": "module.virtualNetwork",
      "mode": "managed",
      "type": "azurerm_subnet",
      "name": "Management",
      "provider": "provider.azurerm",
      "instances": [
        {
          "schema_version": 0,
          "attributes": {
            "address_prefix": "172.19.254.0/24",
            "delegation": [],
            "enforce_private_link_endpoint_network_policies": false,
            "enforce_private_link_service_network_policies": false,
            "id": "/subscriptions/50954c79-c9a7-4822-b2ee-603cb18d3260/resourceGroups/rg-laso-stg-ue-infra/providers/Microsoft.Network/virtualNetworks/vnet-laso-stg-ue/subnets/Management",
            "name": "Management",
            "resource_group_name": "rg-laso-stg-ue-infra",
            "service_endpoints": [
              "Microsoft.AzureActiveDirectory",
              "Microsoft.KeyVault",
              "Microsoft.Storage"
            ],
            "timeouts": null,
            "virtual_network_name": "vnet-laso-stg-ue"
          },
          "private": "eyJlMmJmYjczMC1lY2FhLTExZTYtOGY4OC0zNDM2M2JjN2M0YzAiOnsiY3JlYXRlIjoxODAwMDAwMDAwMDAwLCJkZWxldGUiOjE4MDAwMDAwMDAwMDAsInJlYWQiOjMwMDAwMDAwMDAwMCwidXBkYXRlIjoxODAwMDAwMDAwMDAwfX0=",
          "dependencies": [
            "module.virtualNetwork.azurerm_virtual_network.instance"
          ]
        }
      ]
    },
    {
      "module": "module.virtualNetwork",
      "mode": "managed",
      "type": "azurerm_subnet_route_table_association",
      "name": "appsSubnetRoute",
      "each": "list",
      "provider": "provider.azurerm",
      "instances": []
    },
    {
      "module": "module.virtualNetwork",
      "mode": "managed",
      "type": "azurerm_subnet_route_table_association",
      "name": "dataSubnetRoute",
      "each": "list",
      "provider": "provider.azurerm",
      "instances": []
    },
    {
      "module": "module.virtualNetwork",
      "mode": "managed",
      "type": "azurerm_virtual_network",
      "name": "instance",
      "provider": "provider.azurerm",
      "instances": [
        {
          "schema_version": 0,
          "attributes": {
            "address_space": [
              "172.19.0.0/16"
            ],
            "ddos_protection_plan": [],
            "dns_servers": [],
            "id": "/subscriptions/50954c79-c9a7-4822-b2ee-603cb18d3260/resourceGroups/rg-laso-stg-ue-infra/providers/Microsoft.Network/virtualNetworks/vnet-laso-stg-ue",
            "location": "eastus",
            "name": "vnet-laso-stg-ue",
            "resource_group_name": "rg-laso-stg-ue-infra",
            "subnet": [
              {
                "address_prefix": "172.19.0.0/24",
                "id": "/subscriptions/50954c79-c9a7-4822-b2ee-603cb18d3260/resourceGroups/rg-laso-stg-ue-infra/providers/Microsoft.Network/virtualNetworks/vnet-laso-stg-ue/subnets/AzureFirewallSubnet",
                "name": "AzureFirewallSubnet",
                "security_group": ""
              },
              {
                "address_prefix": "172.19.1.0/24",
                "id": "/subscriptions/50954c79-c9a7-4822-b2ee-603cb18d3260/resourceGroups/rg-laso-stg-ue-infra/providers/Microsoft.Network/virtualNetworks/vnet-laso-stg-ue/subnets/DMZ",
                "name": "DMZ",
                "security_group": ""
              },
              {
                "address_prefix": "172.19.2.0/24",
                "id": "/subscriptions/50954c79-c9a7-4822-b2ee-603cb18d3260/resourceGroups/rg-laso-stg-ue-infra/providers/Microsoft.Network/virtualNetworks/vnet-laso-stg-ue/subnets/Apps",
                "name": "Apps",
                "security_group": ""
              },
              {
                "address_prefix": "172.19.252.0/24",
                "id": "/subscriptions/50954c79-c9a7-4822-b2ee-603cb18d3260/resourceGroups/rg-laso-stg-ue-infra/providers/Microsoft.Network/virtualNetworks/vnet-laso-stg-ue/subnets/GatewaySubnet",
                "name": "GatewaySubnet",
                "security_group": ""
              },
              {
                "address_prefix": "172.19.253.0/24",
                "id": "/subscriptions/50954c79-c9a7-4822-b2ee-603cb18d3260/resourceGroups/rg-laso-stg-ue-infra/providers/Microsoft.Network/virtualNetworks/vnet-laso-stg-ue/subnets/Container-Infra",
                "name": "Container-Infra",
                "security_group": ""
              },
              {
                "address_prefix": "172.19.254.0/24",
                "id": "/subscriptions/50954c79-c9a7-4822-b2ee-603cb18d3260/resourceGroups/rg-laso-stg-ue-infra/providers/Microsoft.Network/virtualNetworks/vnet-laso-stg-ue/subnets/Management",
                "name": "Management",
                "security_group": ""
              },
              {
                "address_prefix": "172.19.3.0/24",
                "id": "/subscriptions/50954c79-c9a7-4822-b2ee-603cb18d3260/resourceGroups/rg-laso-stg-ue-infra/providers/Microsoft.Network/virtualNetworks/vnet-laso-stg-ue/subnets/Data",
                "name": "Data",
                "security_group": ""
              }
            ],
            "tags": {
              "Environment": "stg",
              "Region": "East US",
              "Role": "infra",
              "Tenant": "laso"
            },
            "timeouts": null
          },
          "private": "eyJlMmJmYjczMC1lY2FhLTExZTYtOGY4OC0zNDM2M2JjN2M0YzAiOnsiY3JlYXRlIjoxODAwMDAwMDAwMDAwLCJkZWxldGUiOjE4MDAwMDAwMDAwMDAsInJlYWQiOjMwMDAwMDAwMDAwMCwidXBkYXRlIjoxODAwMDAwMDAwMDAwfX0="
        }
      ]
    },
    {
      "module": "module.virtualNetwork",
      "mode": "managed",
      "type": "azurerm_virtual_network_gateway",
      "name": "instance",
      "each": "list",
      "provider": "provider.azurerm",
      "instances": [
        {
          "index_key": 0,
          "schema_version": 0,
          "attributes": {
            "active_active": false,
            "bgp_settings": [
              {
                "asn": 65515,
                "peer_weight": 0,
                "peering_address": "172.19.252.254"
              }
            ],
            "default_local_network_gateway_id": null,
            "enable_bgp": false,
            "generation": "Generation1",
            "id": "/subscriptions/50954c79-c9a7-4822-b2ee-603cb18d3260/resourceGroups/rg-laso-stg-ue-infra/providers/Microsoft.Network/virtualNetworkGateways/vng-vnet-laso-stg-ue",
            "ip_configuration": [
              {
                "name": "gwconfig-vng-vnet-laso-stg-ue",
                "private_ip_address_allocation": "Dynamic",
                "public_ip_address_id": "/subscriptions/50954c79-c9a7-4822-b2ee-603cb18d3260/resourceGroups/rg-laso-stg-ue-infra/providers/Microsoft.Network/publicIPAddresses/pip-vng-vnet-laso-stg-ue",
                "subnet_id": "/subscriptions/50954c79-c9a7-4822-b2ee-603cb18d3260/resourceGroups/rg-laso-stg-ue-infra/providers/Microsoft.Network/virtualNetworks/vnet-laso-stg-ue/subnets/GatewaySubnet"
              }
            ],
            "location": "eastus",
            "name": "vng-vnet-laso-stg-ue",
            "resource_group_name": "rg-laso-stg-ue-infra",
            "sku": "VpnGw1",
            "tags": {
              "Environment": "stg",
              "Region": "East US",
              "Role": "infra",
              "Tenant": "laso"
            },
            "timeouts": null,
            "type": "Vpn",
            "vpn_client_configuration": [
              {
                "address_space": [
                  "172.31.252.0/24"
                ],
                "radius_server_address": "",
                "radius_server_secret": "",
                "revoked_certificate": [],
                "root_certificate": [
                  {
                    "name": "vnet-laso-stg-ue-RootCert-PublicKey",
                    "public_cert_data": "MIIDAzCCAeugAwIBAgIQG7mMd7KAN4VCwKQWuB6a3jANBgkqhkiG9w0BAQsFADAkMSIwIAYDVQQDDBl2bmV0LWxhc28tc3RnLXVlLVJvb3RDZXJ0MB4XDTIwMDgxODE2MDkxNVoXDTIxMDgxODE2MjkxNVowJDEiMCAGA1UEAwwZdm5ldC1sYXNvLXN0Zy11ZS1Sb290Q2VydDCCASIwDQYJKoZIhvcNAQEBBQADggEPADCCAQoCggEBAKYpSD44P6fF4fDqDgwiLSGskBr7GJbnp8lWaz5I+LGKODsXOVqG8kfKkukV1EvxDPGSKkf+pQ8C32O75l22oDG9m428zv58Dj6KfDw0Ds43wN+rMFl1LUqjlf5f2Gj9sXNisqe6EYvDdavkap1GCqVvgk0lc/09/RNrWvRJRWMyI68lK/SNH2rFLuKrz+m+bbI0xuUNPM3fFOeolW9Goi5QZrlgvUltrkknvwvXeMJHgoqrO1WkkFONV07SQymM33SJDUNDnRzh9xXfWp0sy9BuYu0M/MtFLdDKEKZ5MPEv18KZaM9GRqdul4cIbgBeMB9Hjlz/hgPJjqIRTBXi/zECAwEAAaMxMC8wDgYDVR0PAQH/BAQDAgIEMB0GA1UdDgQWBBQd6cnJ4FiUgL+RcqBdHjZ96oDuKjANBgkqhkiG9w0BAQsFAAOCAQEAZv0b2t715X9iX9OBKs/tm+CzHjQSd5go/i/M27R1Zb4mDcwm6P/gF94dPKuvEXOG1/r9iCgVrUNRTx4P1b+T0AEjMAFcV4KVC5yHK/M+yLS/lCjW0M8Jor2eLHRTr/T8HbYKT6MPQ4n4mwKbazLa6uui0/9jR8DUqUZvtaLawtc6N9adbVIakn1iyEU5IP/+z8lCIlaY2us3eXwuZNZv6fQJ/yw9DwmCWXb5M2B5czOhW1Rc8f1l3xFkHQq59Ly0dWb+Cj4pIm4doJGTvfdg7cevOWYPYWH2GiV9+rq90SbzVNk0zx8q9QWdX/5P1ixNgv4pXHnAvNctxYQ4hGmRtA=="
                  }
                ],
                "vpn_client_protocols": [
                  "IkeV2",
                  "OpenVPN"
                ]
              }
            ],
            "vpn_type": "RouteBased"
          },
          "private": "eyJlMmJmYjczMC1lY2FhLTExZTYtOGY4OC0zNDM2M2JjN2M0YzAiOnsiY3JlYXRlIjozNjAwMDAwMDAwMDAwLCJkZWxldGUiOjM2MDAwMDAwMDAwMDAsInJlYWQiOjMwMDAwMDAwMDAwMCwidXBkYXRlIjozNjAwMDAwMDAwMDAwfX0=",
          "dependencies": [
            "module.virtualNetwork.azurerm_public_ip.vngPip",
            "module.virtualNetwork.azurerm_subnet.GatewaySubnet"
          ]
        }
      ]
    },
    {
      "module": "module.virtualNetwork",
      "mode": "managed",
      "type": "azurerm_virtual_network_gateway_connection",
      "name": "technologyCenter",
      "each": "list",
      "provider": "provider.azurerm",
      "instances": [
        {
          "index_key": 0,
          "schema_version": 0,
          "attributes": {
            "authorization_key": null,
            "connection_protocol": "IKEv2",
            "enable_bgp": false,
            "express_route_circuit_id": null,
            "express_route_gateway_bypass": false,
            "id": "/subscriptions/50954c79-c9a7-4822-b2ee-603cb18d3260/resourceGroups/rg-laso-stg-ue-infra/providers/Microsoft.Network/connections/conn-vnet-laso-stg-ue",
            "ipsec_policy": [],
            "local_network_gateway_id": "/subscriptions/50954c79-c9a7-4822-b2ee-603cb18d3260/resourceGroups/rg-laso-stg-ue-infra/providers/Microsoft.Network/localNetworkGateways/lng-Technology-Center",
            "location": "eastus",
            "name": "conn-vnet-laso-stg-ue",
            "peer_virtual_network_gateway_id": null,
            "resource_group_name": "rg-laso-stg-ue-infra",
            "routing_weight": 0,
            "shared_key": null,
            "tags": {
              "Environment": "stg",
              "Region": "East US",
              "Role": "infra",
              "Tenant": "laso"
            },
            "timeouts": null,
            "type": "IPsec",
            "use_policy_based_traffic_selectors": false,
            "virtual_network_gateway_id": "/subscriptions/50954c79-c9a7-4822-b2ee-603cb18d3260/resourceGroups/rg-laso-stg-ue-infra/providers/Microsoft.Network/virtualNetworkGateways/vng-vnet-laso-stg-ue"
          },
          "private": "eyJlMmJmYjczMC1lY2FhLTExZTYtOGY4OC0zNDM2M2JjN2M0YzAiOnsiY3JlYXRlIjoxODAwMDAwMDAwMDAwLCJkZWxldGUiOjE4MDAwMDAwMDAwMDAsInJlYWQiOjMwMDAwMDAwMDAwMCwidXBkYXRlIjoxODAwMDAwMDAwMDAwfX0=",
          "dependencies": [
            "module.virtualNetwork.azurerm_local_network_gateway.instance",
            "module.virtualNetwork.azurerm_public_ip.vngPip",
            "module.virtualNetwork.azurerm_subnet.GatewaySubnet",
            "module.virtualNetwork.azurerm_virtual_network.instance",
            "module.virtualNetwork.azurerm_virtual_network_gateway.instance"
          ]
        }
      ]
    }
  ]
}
