
Microsoft Visual Studio Solution File, Format Version 12.00
# Visual Studio Version 16
VisualStudioVersion = 16.0.29709.97
MinimumVisualStudioVersion = 10.0.40219.1
Project("{2150E333-8FDC-42A3-9474-1A3956D46DE8}") = "services", "services", "{4FED09AD-2F0C-48CA-91ED-440C3155A7BB}"
EndProject
Project("{2150E333-8FDC-42A3-9474-1A3956D46DE8}") = "web", "web", "{045D3799-3AFB-4BF5-BAA8-8502153D9293}"
EndProject
Project("{2150E333-8FDC-42A3-9474-1A3956D46DE8}") = "AdminPortal", "AdminPortal", "{F4710958-31A0-47A8-AE6F-1895B17264DA}"
	ProjectSection(SolutionItems) = preProject
		web\AdminPortal\README.md = web\AdminPortal\README.md
	EndProjectSection
EndProject
Project("{9A19103F-16F7-4668-BE54-9A1E7A4F7556}") = "AdminPortal.Web", "web\AdminPortal\AdminPortal.Web\AdminPortal.Web.csproj", "{637B5EF1-A72D-4B74-AE72-A7DCC539F5C7}"
EndProject
Project("{2150E333-8FDC-42A3-9474-1A3956D46DE8}") = "Identity", "Identity", "{A24FE737-F435-4773-AC8B-2E3100BC2E4E}"
EndProject
Project("{2150E333-8FDC-42A3-9474-1A3956D46DE8}") = "tests", "tests", "{A2BDB7B2-42AE-4328-889C-2064C9D2F6CA}"
EndProject
Project("{9A19103F-16F7-4668-BE54-9A1E7A4F7556}") = "Identity.Api", "services\Identity\Identity.Api\Identity.Api.csproj", "{04B81463-23D5-4DCA-A237-B60A7C1A7B22}"
EndProject
Project("{9A19103F-16F7-4668-BE54-9A1E7A4F7556}") = "Identity.UnitTests", "services\Identity\Identity.UnitTests\Identity.UnitTests.csproj", "{19BA4732-93EA-40E0-B208-BE77AAE214B4}"
EndProject
Project("{9A19103F-16F7-4668-BE54-9A1E7A4F7556}") = "Identity.Core", "services\Identity\Identity.Core\Identity.Core.csproj", "{1AEF25C9-E9FA-4ABC-8F79-DE4D95640B3E}"
EndProject
Project("{9A19103F-16F7-4668-BE54-9A1E7A4F7556}") = "Identity.Domain", "services\Identity\Identity.Domain\Identity.Domain.csproj", "{1D990BCD-FBD4-46A2-B8D3-BCDCC6222015}"
EndProject
Project("{9A19103F-16F7-4668-BE54-9A1E7A4F7556}") = "Identity.Infrastructure", "services\Identity\Identity.Infrastructure\Identity.Infrastructure.csproj", "{DA83581B-50A1-4BA9-A7FF-6C66EE4D7598}"
EndProject
Project("{2150E333-8FDC-42A3-9474-1A3956D46DE8}") = "Provisioning", "Provisioning", "{4AE26BDD-1D8F-4C16-B075-7EB1BB51453E}"
EndProject
Project("{2150E333-8FDC-42A3-9474-1A3956D46DE8}") = "tests", "tests", "{7D3BABE6-0143-47FB-AA85-FB418332B0C2}"
EndProject
Project("{9A19103F-16F7-4668-BE54-9A1E7A4F7556}") = "Provisioning.UnitTests", "services\Provisioning\Provisioning.UnitTests\Provisioning.UnitTests.csproj", "{E37C9D56-FFA1-422C-AE35-31B34F722BEB}"
EndProject
Project("{9A19103F-16F7-4668-BE54-9A1E7A4F7556}") = "Provisioning.Api", "services\Provisioning\Provisioning.Api\Provisioning.Api.csproj", "{43040CF2-F85F-466A-8027-F27789AEB7AC}"
EndProject
Project("{9A19103F-16F7-4668-BE54-9A1E7A4F7556}") = "Provisioning.Core", "services\Provisioning\Provisioning.Core\Provisioning.Core.csproj", "{9A71073D-7B20-4D9E-A34C-39DA80D280CA}"
EndProject
Project("{9A19103F-16F7-4668-BE54-9A1E7A4F7556}") = "Provisioning.Domain", "services\Provisioning\Provisioning.Domain\Provisioning.Domain.csproj", "{510264D5-62C1-42F3-ABBD-4CFA5800A895}"
EndProject
Project("{9A19103F-16F7-4668-BE54-9A1E7A4F7556}") = "Provisioning.Infrastructure", "services\Provisioning\Provisioning.Infrastructure\Provisioning.Infrastructure.csproj", "{BF8752AF-6804-4C41-9336-60F8E0CA6C05}"
EndProject
Project("{9A19103F-16F7-4668-BE54-9A1E7A4F7556}") = "AdminPortal.UnitTests", "web\AdminPortal\AdminPortal.UnitTests\AdminPortal.UnitTests.csproj", "{8D322EE5-7881-4BF1-B9EB-5D5ED115784B}"
EndProject
Project("{2150E333-8FDC-42A3-9474-1A3956D46DE8}") = "tests", "tests", "{83BED495-D223-441B-B0B7-81814475F739}"
EndProject
Project("{9A19103F-16F7-4668-BE54-9A1E7A4F7556}") = "AdminPortal.Infrastructure", "web\AdminPortal\AdminPortal.Infrastructure\AdminPortal.Infrastructure.csproj", "{F2B62793-31A9-4B50-992D-485AB48BFD6A}"
EndProject
Project("{9A19103F-16F7-4668-BE54-9A1E7A4F7556}") = "AdminPortal.Core", "web\AdminPortal\AdminPortal.Core\AdminPortal.Core.csproj", "{3BFECE82-CDDE-49D8-AC8D-E787F351A102}"
EndProject
Project("{9A19103F-16F7-4668-BE54-9A1E7A4F7556}") = "Insights.UITests", "tests\Insights.UITests\Insights.UITests.csproj", "{CF98F3F3-0555-4344-9F26-11323C1A08BA}"
EndProject
Project("{9A19103F-16F7-4668-BE54-9A1E7A4F7556}") = "DependencyResolution.Lamar", "services\Identity\DependencyResolution.Lamar\DependencyResolution.Lamar.csproj", "{1BC1CB9D-6D34-4DE6-9C1D-FA6C9902B577}"
EndProject
Project("{9A19103F-16F7-4668-BE54-9A1E7A4F7556}") = "AdminPortal.DependencyResolution", "web\AdminPortal\AdminPortal.DependencyResolution\AdminPortal.DependencyResolution.csproj", "{0C022878-EB4D-4966-BFE7-8A30EC097577}"
EndProject
Project("{2150E333-8FDC-42A3-9474-1A3956D46DE8}") = "tests", "tests", "{62C52E25-5CF7-4B09-8D25-E86FC3BA287C}"
EndProject
Project("{9A19103F-16F7-4668-BE54-9A1E7A4F7556}") = "Insights.FunctionalTests", "tests\Insights.FunctionalTests\Insights.FunctionalTests.csproj", "{F0099E58-529D-4061-9A36-CA96F89966CB}"
EndProject
Project("{9A19103F-16F7-4668-BE54-9A1E7A4F7556}") = "Identity.IntegrationTests", "services\Identity\Identity.IntegrationTests\Identity.IntegrationTests.csproj", "{4FEFE092-4E2F-40CC-93E4-D7FF08560838}"
EndProject
Project("{9A19103F-16F7-4668-BE54-9A1E7A4F7556}") = "AdminPortal.IntegrationTests", "web\AdminPortal\AdminPortal.IntegrationTests\AdminPortal.IntegrationTests.csproj", "{707701F6-FAB0-48A8-8C53-9606B532D58B}"
EndProject
Project("{9A19103F-16F7-4668-BE54-9A1E7A4F7556}") = "Provisioning.IntegrationTests", "services\Provisioning\Provisioning.IntegrationTests\Provisioning.IntegrationTests.csproj", "{2DAB21CF-916E-4E61-966B-EE07F22156CA}"
EndProject
Project("{2150E333-8FDC-42A3-9474-1A3956D46DE8}") = "components", "components", "{54A65670-A525-4E6F-A07A-62C330E6CCD4}"
EndProject
Project("{9A19103F-16F7-4668-BE54-9A1E7A4F7556}") = "Hosting", "components\Hosting\Hosting.csproj", "{58AA95F4-9EAF-46A7-A256-AC9D91850F2D}"
EndProject
Project("{9A19103F-16F7-4668-BE54-9A1E7A4F7556}") = "Testing", "components\Testing\Testing.csproj", "{59E3F2E4-C449-4C32-8196-E45C7D86282B}"
EndProject
Project("{9A19103F-16F7-4668-BE54-9A1E7A4F7556}") = "Identity.FunctionalTests", "services\Identity\Identity.FunctionalTests\Identity.FunctionalTests.csproj", "{EBF1D944-7E9A-4AC4-9AEC-782F64209FD1}"
EndProject
Project("{9A19103F-16F7-4668-BE54-9A1E7A4F7556}") = "Provisioning.FunctionalTests", "services\Provisioning\Provisioning.FunctionalTests\Provisioning.FunctionalTests.csproj", "{29B92898-DF29-4CE4-B73B-8B5E272AF6C3}"
EndProject
Project("{2150E333-8FDC-42A3-9474-1A3956D46DE8}") = "scripts", "scripts", "{E7F42B4E-49C4-4A0C-9C9E-9AD770A0D6BC}"
	ProjectSection(SolutionItems) = preProject
		solutionscripts\build.ps1 = solutionscripts\build.ps1
		solutionscripts\start.ps1 = solutionscripts\start.ps1
		solutionscripts\test.ps1 = solutionscripts\test.ps1
		solutionscripts\user-secrets.ps1 = solutionscripts\user-secrets.ps1
	EndProjectSection
EndProject
Project("{2150E333-8FDC-42A3-9474-1A3956D46DE8}") = "IntegrationEvents", "IntegrationEvents", "{4223911F-242F-4B0C-8E99-6EC626FD3913}"
EndProject
Project("{9A19103F-16F7-4668-BE54-9A1E7A4F7556}") = "IntegrationEvents.AzureServiceBus", "components\IntegrationEvents\IntegrationEvents.AzureServiceBus\IntegrationEvents.AzureServiceBus.csproj", "{A7A9148D-39C5-44B0-BC74-2624AC22E558}"
EndProject
Project("{2150E333-8FDC-42A3-9474-1A3956D46DE8}") = "IO", "IO", "{34F3EE19-D12C-4659-939F-D4325175B309}"
EndProject
Project("{9A19103F-16F7-4668-BE54-9A1E7A4F7556}") = "IO.Serialization.Newtonsoft", "components\IO\IO.Serialization.Newtonsoft\IO.Serialization.Newtonsoft.csproj", "{310DA169-E71F-4FCB-B8AC-166A2A2B0FC1}"
EndProject
Project("{9A19103F-16F7-4668-BE54-9A1E7A4F7556}") = "IntegrationEvents", "components\IntegrationEvents\IntegrationEvents\IntegrationEvents.csproj", "{14406C99-35BD-43B2-93C7-A1166498269D}"
EndProject
Project("{9A19103F-16F7-4668-BE54-9A1E7A4F7556}") = "IO", "components\IO\IO\IO.csproj", "{2FFABECC-090C-4E23-92F4-DBAB2C516242}"
EndProject
Project("{9A19103F-16F7-4668-BE54-9A1E7A4F7556}") = "IO.Serialization.SystemTextJson", "components\IO\IO.Serialization.SystemTextJson\IO.Serialization.SystemTextJson.csproj", "{689722C1-23B4-4BB9-9120-48A2EF143E11}"
EndProject
Project("{9A19103F-16F7-4668-BE54-9A1E7A4F7556}") = "IO.Serialization.Utf8Json", "components\IO\IO.Serialization.Utf8Json\IO.Serialization.Utf8Json.csproj", "{837C4C53-147E-4DBA-8132-4C0430274B70}"
EndProject
Project("{9A19103F-16F7-4668-BE54-9A1E7A4F7556}") = "IO.Tests", "components\IO\IO.Tests\IO.Tests.csproj", "{D68F87B4-AE86-44B8-A281-6FEEEFEB1719}"
EndProject
Project("{9A19103F-16F7-4668-BE54-9A1E7A4F7556}") = "IntegrationEvents.Tests", "components\IntegrationEvents\IntegrationEvents.Tests\IntegrationEvents.Tests.csproj", "{2B4E07ED-9FE9-452B-B7C0-199235A2F79B}"
EndProject
Project("{2150E333-8FDC-42A3-9474-1A3956D46DE8}") = "IntegrationMessages", "IntegrationMessages", "{CDD2D205-831E-49E4-A7DE-FB3A0F1C19B3}"
EndProject
Project("{9A19103F-16F7-4668-BE54-9A1E7A4F7556}") = "IntegrationMessages", "components\IntegrationMessages\IntegrationMessages\IntegrationMessages.csproj", "{3A13E392-9C7C-452A-B1FB-0A1310AA6F21}"
EndProject
Project("{9A19103F-16F7-4668-BE54-9A1E7A4F7556}") = "IntegrationMessages.AzureStorageQueue", "components\IntegrationMessages\IntegrationMessages.AzureStorageQueue\IntegrationMessages.AzureStorageQueue.csproj", "{2F478373-E046-4FE1-B9BF-09EFB2BFE702}"
EndProject
Project("{9A19103F-16F7-4668-BE54-9A1E7A4F7556}") = "IntegrationMessages.Tests", "components\IntegrationMessages\IntegrationMessages.Tests\IntegrationMessages.Tests.csproj", "{1269C4D7-E1D0-4ACB-806C-14B43C70D796}"
EndProject
Global
	GlobalSection(SolutionConfigurationPlatforms) = preSolution
		Debug|Any CPU = Debug|Any CPU
		Release|Any CPU = Release|Any CPU
	EndGlobalSection
	GlobalSection(ProjectConfigurationPlatforms) = postSolution
		{637B5EF1-A72D-4B74-AE72-A7DCC539F5C7}.Debug|Any CPU.ActiveCfg = Debug|Any CPU
		{637B5EF1-A72D-4B74-AE72-A7DCC539F5C7}.Debug|Any CPU.Build.0 = Debug|Any CPU
		{637B5EF1-A72D-4B74-AE72-A7DCC539F5C7}.Release|Any CPU.ActiveCfg = Release|Any CPU
		{637B5EF1-A72D-4B74-AE72-A7DCC539F5C7}.Release|Any CPU.Build.0 = Release|Any CPU
		{04B81463-23D5-4DCA-A237-B60A7C1A7B22}.Debug|Any CPU.ActiveCfg = Debug|Any CPU
		{04B81463-23D5-4DCA-A237-B60A7C1A7B22}.Debug|Any CPU.Build.0 = Debug|Any CPU
		{04B81463-23D5-4DCA-A237-B60A7C1A7B22}.Release|Any CPU.ActiveCfg = Release|Any CPU
		{04B81463-23D5-4DCA-A237-B60A7C1A7B22}.Release|Any CPU.Build.0 = Release|Any CPU
		{19BA4732-93EA-40E0-B208-BE77AAE214B4}.Debug|Any CPU.ActiveCfg = Debug|Any CPU
		{19BA4732-93EA-40E0-B208-BE77AAE214B4}.Debug|Any CPU.Build.0 = Debug|Any CPU
		{19BA4732-93EA-40E0-B208-BE77AAE214B4}.Release|Any CPU.ActiveCfg = Release|Any CPU
		{19BA4732-93EA-40E0-B208-BE77AAE214B4}.Release|Any CPU.Build.0 = Release|Any CPU
		{1AEF25C9-E9FA-4ABC-8F79-DE4D95640B3E}.Debug|Any CPU.ActiveCfg = Debug|Any CPU
		{1AEF25C9-E9FA-4ABC-8F79-DE4D95640B3E}.Debug|Any CPU.Build.0 = Debug|Any CPU
		{1AEF25C9-E9FA-4ABC-8F79-DE4D95640B3E}.Release|Any CPU.ActiveCfg = Release|Any CPU
		{1AEF25C9-E9FA-4ABC-8F79-DE4D95640B3E}.Release|Any CPU.Build.0 = Release|Any CPU
		{1D990BCD-FBD4-46A2-B8D3-BCDCC6222015}.Debug|Any CPU.ActiveCfg = Debug|Any CPU
		{1D990BCD-FBD4-46A2-B8D3-BCDCC6222015}.Debug|Any CPU.Build.0 = Debug|Any CPU
		{1D990BCD-FBD4-46A2-B8D3-BCDCC6222015}.Release|Any CPU.ActiveCfg = Release|Any CPU
		{1D990BCD-FBD4-46A2-B8D3-BCDCC6222015}.Release|Any CPU.Build.0 = Release|Any CPU
		{DA83581B-50A1-4BA9-A7FF-6C66EE4D7598}.Debug|Any CPU.ActiveCfg = Debug|Any CPU
		{DA83581B-50A1-4BA9-A7FF-6C66EE4D7598}.Debug|Any CPU.Build.0 = Debug|Any CPU
		{DA83581B-50A1-4BA9-A7FF-6C66EE4D7598}.Release|Any CPU.ActiveCfg = Release|Any CPU
		{DA83581B-50A1-4BA9-A7FF-6C66EE4D7598}.Release|Any CPU.Build.0 = Release|Any CPU
		{E37C9D56-FFA1-422C-AE35-31B34F722BEB}.Debug|Any CPU.ActiveCfg = Debug|Any CPU
		{E37C9D56-FFA1-422C-AE35-31B34F722BEB}.Debug|Any CPU.Build.0 = Debug|Any CPU
		{E37C9D56-FFA1-422C-AE35-31B34F722BEB}.Release|Any CPU.ActiveCfg = Release|Any CPU
		{E37C9D56-FFA1-422C-AE35-31B34F722BEB}.Release|Any CPU.Build.0 = Release|Any CPU
		{43040CF2-F85F-466A-8027-F27789AEB7AC}.Debug|Any CPU.ActiveCfg = Debug|Any CPU
		{43040CF2-F85F-466A-8027-F27789AEB7AC}.Debug|Any CPU.Build.0 = Debug|Any CPU
		{43040CF2-F85F-466A-8027-F27789AEB7AC}.Release|Any CPU.ActiveCfg = Release|Any CPU
		{43040CF2-F85F-466A-8027-F27789AEB7AC}.Release|Any CPU.Build.0 = Release|Any CPU
		{9A71073D-7B20-4D9E-A34C-39DA80D280CA}.Debug|Any CPU.ActiveCfg = Debug|Any CPU
		{9A71073D-7B20-4D9E-A34C-39DA80D280CA}.Debug|Any CPU.Build.0 = Debug|Any CPU
		{9A71073D-7B20-4D9E-A34C-39DA80D280CA}.Release|Any CPU.ActiveCfg = Release|Any CPU
		{9A71073D-7B20-4D9E-A34C-39DA80D280CA}.Release|Any CPU.Build.0 = Release|Any CPU
		{510264D5-62C1-42F3-ABBD-4CFA5800A895}.Debug|Any CPU.ActiveCfg = Debug|Any CPU
		{510264D5-62C1-42F3-ABBD-4CFA5800A895}.Debug|Any CPU.Build.0 = Debug|Any CPU
		{510264D5-62C1-42F3-ABBD-4CFA5800A895}.Release|Any CPU.ActiveCfg = Release|Any CPU
		{510264D5-62C1-42F3-ABBD-4CFA5800A895}.Release|Any CPU.Build.0 = Release|Any CPU
		{BF8752AF-6804-4C41-9336-60F8E0CA6C05}.Debug|Any CPU.ActiveCfg = Debug|Any CPU
		{BF8752AF-6804-4C41-9336-60F8E0CA6C05}.Debug|Any CPU.Build.0 = Debug|Any CPU
		{BF8752AF-6804-4C41-9336-60F8E0CA6C05}.Release|Any CPU.ActiveCfg = Release|Any CPU
		{BF8752AF-6804-4C41-9336-60F8E0CA6C05}.Release|Any CPU.Build.0 = Release|Any CPU
		{8D322EE5-7881-4BF1-B9EB-5D5ED115784B}.Debug|Any CPU.ActiveCfg = Debug|Any CPU
		{8D322EE5-7881-4BF1-B9EB-5D5ED115784B}.Debug|Any CPU.Build.0 = Debug|Any CPU
		{8D322EE5-7881-4BF1-B9EB-5D5ED115784B}.Release|Any CPU.ActiveCfg = Release|Any CPU
		{8D322EE5-7881-4BF1-B9EB-5D5ED115784B}.Release|Any CPU.Build.0 = Release|Any CPU
		{F2B62793-31A9-4B50-992D-485AB48BFD6A}.Debug|Any CPU.ActiveCfg = Debug|Any CPU
		{F2B62793-31A9-4B50-992D-485AB48BFD6A}.Debug|Any CPU.Build.0 = Debug|Any CPU
		{F2B62793-31A9-4B50-992D-485AB48BFD6A}.Release|Any CPU.ActiveCfg = Release|Any CPU
		{F2B62793-31A9-4B50-992D-485AB48BFD6A}.Release|Any CPU.Build.0 = Release|Any CPU
		{3BFECE82-CDDE-49D8-AC8D-E787F351A102}.Debug|Any CPU.ActiveCfg = Debug|Any CPU
		{3BFECE82-CDDE-49D8-AC8D-E787F351A102}.Debug|Any CPU.Build.0 = Debug|Any CPU
		{3BFECE82-CDDE-49D8-AC8D-E787F351A102}.Release|Any CPU.ActiveCfg = Release|Any CPU
		{3BFECE82-CDDE-49D8-AC8D-E787F351A102}.Release|Any CPU.Build.0 = Release|Any CPU
		{CF98F3F3-0555-4344-9F26-11323C1A08BA}.Debug|Any CPU.ActiveCfg = Debug|Any CPU
		{CF98F3F3-0555-4344-9F26-11323C1A08BA}.Debug|Any CPU.Build.0 = Debug|Any CPU
		{CF98F3F3-0555-4344-9F26-11323C1A08BA}.Release|Any CPU.ActiveCfg = Release|Any CPU
		{CF98F3F3-0555-4344-9F26-11323C1A08BA}.Release|Any CPU.Build.0 = Release|Any CPU
		{1BC1CB9D-6D34-4DE6-9C1D-FA6C9902B577}.Debug|Any CPU.ActiveCfg = Debug|Any CPU
		{1BC1CB9D-6D34-4DE6-9C1D-FA6C9902B577}.Debug|Any CPU.Build.0 = Debug|Any CPU
		{1BC1CB9D-6D34-4DE6-9C1D-FA6C9902B577}.Release|Any CPU.ActiveCfg = Release|Any CPU
		{1BC1CB9D-6D34-4DE6-9C1D-FA6C9902B577}.Release|Any CPU.Build.0 = Release|Any CPU
		{0C022878-EB4D-4966-BFE7-8A30EC097577}.Debug|Any CPU.ActiveCfg = Debug|Any CPU
		{0C022878-EB4D-4966-BFE7-8A30EC097577}.Debug|Any CPU.Build.0 = Debug|Any CPU
		{0C022878-EB4D-4966-BFE7-8A30EC097577}.Release|Any CPU.ActiveCfg = Release|Any CPU
		{0C022878-EB4D-4966-BFE7-8A30EC097577}.Release|Any CPU.Build.0 = Release|Any CPU
		{F0099E58-529D-4061-9A36-CA96F89966CB}.Debug|Any CPU.ActiveCfg = Debug|Any CPU
		{F0099E58-529D-4061-9A36-CA96F89966CB}.Debug|Any CPU.Build.0 = Debug|Any CPU
		{F0099E58-529D-4061-9A36-CA96F89966CB}.Release|Any CPU.ActiveCfg = Release|Any CPU
		{F0099E58-529D-4061-9A36-CA96F89966CB}.Release|Any CPU.Build.0 = Release|Any CPU
		{4FEFE092-4E2F-40CC-93E4-D7FF08560838}.Debug|Any CPU.ActiveCfg = Debug|Any CPU
		{4FEFE092-4E2F-40CC-93E4-D7FF08560838}.Debug|Any CPU.Build.0 = Debug|Any CPU
		{4FEFE092-4E2F-40CC-93E4-D7FF08560838}.Release|Any CPU.ActiveCfg = Release|Any CPU
		{4FEFE092-4E2F-40CC-93E4-D7FF08560838}.Release|Any CPU.Build.0 = Release|Any CPU
		{707701F6-FAB0-48A8-8C53-9606B532D58B}.Debug|Any CPU.ActiveCfg = Debug|Any CPU
		{707701F6-FAB0-48A8-8C53-9606B532D58B}.Debug|Any CPU.Build.0 = Debug|Any CPU
		{707701F6-FAB0-48A8-8C53-9606B532D58B}.Release|Any CPU.ActiveCfg = Release|Any CPU
		{707701F6-FAB0-48A8-8C53-9606B532D58B}.Release|Any CPU.Build.0 = Release|Any CPU
		{2DAB21CF-916E-4E61-966B-EE07F22156CA}.Debug|Any CPU.ActiveCfg = Debug|Any CPU
		{2DAB21CF-916E-4E61-966B-EE07F22156CA}.Debug|Any CPU.Build.0 = Debug|Any CPU
		{2DAB21CF-916E-4E61-966B-EE07F22156CA}.Release|Any CPU.ActiveCfg = Release|Any CPU
		{2DAB21CF-916E-4E61-966B-EE07F22156CA}.Release|Any CPU.Build.0 = Release|Any CPU
		{58AA95F4-9EAF-46A7-A256-AC9D91850F2D}.Debug|Any CPU.ActiveCfg = Debug|Any CPU
		{58AA95F4-9EAF-46A7-A256-AC9D91850F2D}.Debug|Any CPU.Build.0 = Debug|Any CPU
		{58AA95F4-9EAF-46A7-A256-AC9D91850F2D}.Release|Any CPU.ActiveCfg = Release|Any CPU
		{58AA95F4-9EAF-46A7-A256-AC9D91850F2D}.Release|Any CPU.Build.0 = Release|Any CPU
		{59E3F2E4-C449-4C32-8196-E45C7D86282B}.Debug|Any CPU.ActiveCfg = Debug|Any CPU
		{59E3F2E4-C449-4C32-8196-E45C7D86282B}.Debug|Any CPU.Build.0 = Debug|Any CPU
		{59E3F2E4-C449-4C32-8196-E45C7D86282B}.Release|Any CPU.ActiveCfg = Release|Any CPU
		{59E3F2E4-C449-4C32-8196-E45C7D86282B}.Release|Any CPU.Build.0 = Release|Any CPU
		{EBF1D944-7E9A-4AC4-9AEC-782F64209FD1}.Debug|Any CPU.ActiveCfg = Debug|Any CPU
		{EBF1D944-7E9A-4AC4-9AEC-782F64209FD1}.Debug|Any CPU.Build.0 = Debug|Any CPU
		{EBF1D944-7E9A-4AC4-9AEC-782F64209FD1}.Release|Any CPU.ActiveCfg = Release|Any CPU
		{EBF1D944-7E9A-4AC4-9AEC-782F64209FD1}.Release|Any CPU.Build.0 = Release|Any CPU
		{29B92898-DF29-4CE4-B73B-8B5E272AF6C3}.Debug|Any CPU.ActiveCfg = Debug|Any CPU
		{29B92898-DF29-4CE4-B73B-8B5E272AF6C3}.Debug|Any CPU.Build.0 = Debug|Any CPU
		{29B92898-DF29-4CE4-B73B-8B5E272AF6C3}.Release|Any CPU.ActiveCfg = Release|Any CPU
		{29B92898-DF29-4CE4-B73B-8B5E272AF6C3}.Release|Any CPU.Build.0 = Release|Any CPU
		{A7A9148D-39C5-44B0-BC74-2624AC22E558}.Debug|Any CPU.ActiveCfg = Debug|Any CPU
		{A7A9148D-39C5-44B0-BC74-2624AC22E558}.Debug|Any CPU.Build.0 = Debug|Any CPU
		{A7A9148D-39C5-44B0-BC74-2624AC22E558}.Release|Any CPU.ActiveCfg = Release|Any CPU
		{A7A9148D-39C5-44B0-BC74-2624AC22E558}.Release|Any CPU.Build.0 = Release|Any CPU
		{310DA169-E71F-4FCB-B8AC-166A2A2B0FC1}.Debug|Any CPU.ActiveCfg = Debug|Any CPU
		{310DA169-E71F-4FCB-B8AC-166A2A2B0FC1}.Debug|Any CPU.Build.0 = Debug|Any CPU
		{310DA169-E71F-4FCB-B8AC-166A2A2B0FC1}.Release|Any CPU.ActiveCfg = Release|Any CPU
		{310DA169-E71F-4FCB-B8AC-166A2A2B0FC1}.Release|Any CPU.Build.0 = Release|Any CPU
		{14406C99-35BD-43B2-93C7-A1166498269D}.Debug|Any CPU.ActiveCfg = Debug|Any CPU
		{14406C99-35BD-43B2-93C7-A1166498269D}.Debug|Any CPU.Build.0 = Debug|Any CPU
		{14406C99-35BD-43B2-93C7-A1166498269D}.Release|Any CPU.ActiveCfg = Release|Any CPU
		{14406C99-35BD-43B2-93C7-A1166498269D}.Release|Any CPU.Build.0 = Release|Any CPU
		{2FFABECC-090C-4E23-92F4-DBAB2C516242}.Debug|Any CPU.ActiveCfg = Debug|Any CPU
		{2FFABECC-090C-4E23-92F4-DBAB2C516242}.Debug|Any CPU.Build.0 = Debug|Any CPU
		{2FFABECC-090C-4E23-92F4-DBAB2C516242}.Release|Any CPU.ActiveCfg = Release|Any CPU
		{2FFABECC-090C-4E23-92F4-DBAB2C516242}.Release|Any CPU.Build.0 = Release|Any CPU
		{689722C1-23B4-4BB9-9120-48A2EF143E11}.Debug|Any CPU.ActiveCfg = Debug|Any CPU
		{689722C1-23B4-4BB9-9120-48A2EF143E11}.Debug|Any CPU.Build.0 = Debug|Any CPU
		{689722C1-23B4-4BB9-9120-48A2EF143E11}.Release|Any CPU.ActiveCfg = Release|Any CPU
		{689722C1-23B4-4BB9-9120-48A2EF143E11}.Release|Any CPU.Build.0 = Release|Any CPU
		{837C4C53-147E-4DBA-8132-4C0430274B70}.Debug|Any CPU.ActiveCfg = Debug|Any CPU
		{837C4C53-147E-4DBA-8132-4C0430274B70}.Debug|Any CPU.Build.0 = Debug|Any CPU
		{837C4C53-147E-4DBA-8132-4C0430274B70}.Release|Any CPU.ActiveCfg = Release|Any CPU
		{837C4C53-147E-4DBA-8132-4C0430274B70}.Release|Any CPU.Build.0 = Release|Any CPU
		{D68F87B4-AE86-44B8-A281-6FEEEFEB1719}.Debug|Any CPU.ActiveCfg = Debug|Any CPU
		{D68F87B4-AE86-44B8-A281-6FEEEFEB1719}.Debug|Any CPU.Build.0 = Debug|Any CPU
		{D68F87B4-AE86-44B8-A281-6FEEEFEB1719}.Release|Any CPU.ActiveCfg = Release|Any CPU
		{D68F87B4-AE86-44B8-A281-6FEEEFEB1719}.Release|Any CPU.Build.0 = Release|Any CPU
		{2B4E07ED-9FE9-452B-B7C0-199235A2F79B}.Debug|Any CPU.ActiveCfg = Debug|Any CPU
		{2B4E07ED-9FE9-452B-B7C0-199235A2F79B}.Debug|Any CPU.Build.0 = Debug|Any CPU
		{2B4E07ED-9FE9-452B-B7C0-199235A2F79B}.Release|Any CPU.ActiveCfg = Release|Any CPU
		{2B4E07ED-9FE9-452B-B7C0-199235A2F79B}.Release|Any CPU.Build.0 = Release|Any CPU
		{3A13E392-9C7C-452A-B1FB-0A1310AA6F21}.Debug|Any CPU.ActiveCfg = Debug|Any CPU
		{3A13E392-9C7C-452A-B1FB-0A1310AA6F21}.Debug|Any CPU.Build.0 = Debug|Any CPU
		{3A13E392-9C7C-452A-B1FB-0A1310AA6F21}.Release|Any CPU.ActiveCfg = Release|Any CPU
		{3A13E392-9C7C-452A-B1FB-0A1310AA6F21}.Release|Any CPU.Build.0 = Release|Any CPU
		{2F478373-E046-4FE1-B9BF-09EFB2BFE702}.Debug|Any CPU.ActiveCfg = Debug|Any CPU
		{2F478373-E046-4FE1-B9BF-09EFB2BFE702}.Debug|Any CPU.Build.0 = Debug|Any CPU
		{2F478373-E046-4FE1-B9BF-09EFB2BFE702}.Release|Any CPU.ActiveCfg = Release|Any CPU
		{2F478373-E046-4FE1-B9BF-09EFB2BFE702}.Release|Any CPU.Build.0 = Release|Any CPU
		{1269C4D7-E1D0-4ACB-806C-14B43C70D796}.Debug|Any CPU.ActiveCfg = Debug|Any CPU
		{1269C4D7-E1D0-4ACB-806C-14B43C70D796}.Debug|Any CPU.Build.0 = Debug|Any CPU
		{1269C4D7-E1D0-4ACB-806C-14B43C70D796}.Release|Any CPU.ActiveCfg = Release|Any CPU
		{1269C4D7-E1D0-4ACB-806C-14B43C70D796}.Release|Any CPU.Build.0 = Release|Any CPU
	EndGlobalSection
	GlobalSection(SolutionProperties) = preSolution
		HideSolutionNode = FALSE
	EndGlobalSection
	GlobalSection(NestedProjects) = preSolution
		{F4710958-31A0-47A8-AE6F-1895B17264DA} = {045D3799-3AFB-4BF5-BAA8-8502153D9293}
		{637B5EF1-A72D-4B74-AE72-A7DCC539F5C7} = {F4710958-31A0-47A8-AE6F-1895B17264DA}
		{A24FE737-F435-4773-AC8B-2E3100BC2E4E} = {4FED09AD-2F0C-48CA-91ED-440C3155A7BB}
		{A2BDB7B2-42AE-4328-889C-2064C9D2F6CA} = {A24FE737-F435-4773-AC8B-2E3100BC2E4E}
		{04B81463-23D5-4DCA-A237-B60A7C1A7B22} = {A24FE737-F435-4773-AC8B-2E3100BC2E4E}
		{19BA4732-93EA-40E0-B208-BE77AAE214B4} = {A2BDB7B2-42AE-4328-889C-2064C9D2F6CA}
		{1AEF25C9-E9FA-4ABC-8F79-DE4D95640B3E} = {A24FE737-F435-4773-AC8B-2E3100BC2E4E}
		{1D990BCD-FBD4-46A2-B8D3-BCDCC6222015} = {A24FE737-F435-4773-AC8B-2E3100BC2E4E}
		{DA83581B-50A1-4BA9-A7FF-6C66EE4D7598} = {A24FE737-F435-4773-AC8B-2E3100BC2E4E}
		{4AE26BDD-1D8F-4C16-B075-7EB1BB51453E} = {4FED09AD-2F0C-48CA-91ED-440C3155A7BB}
		{7D3BABE6-0143-47FB-AA85-FB418332B0C2} = {4AE26BDD-1D8F-4C16-B075-7EB1BB51453E}
		{E37C9D56-FFA1-422C-AE35-31B34F722BEB} = {7D3BABE6-0143-47FB-AA85-FB418332B0C2}
		{43040CF2-F85F-466A-8027-F27789AEB7AC} = {4AE26BDD-1D8F-4C16-B075-7EB1BB51453E}
		{9A71073D-7B20-4D9E-A34C-39DA80D280CA} = {4AE26BDD-1D8F-4C16-B075-7EB1BB51453E}
		{510264D5-62C1-42F3-ABBD-4CFA5800A895} = {4AE26BDD-1D8F-4C16-B075-7EB1BB51453E}
		{BF8752AF-6804-4C41-9336-60F8E0CA6C05} = {4AE26BDD-1D8F-4C16-B075-7EB1BB51453E}
		{8D322EE5-7881-4BF1-B9EB-5D5ED115784B} = {83BED495-D223-441B-B0B7-81814475F739}
		{83BED495-D223-441B-B0B7-81814475F739} = {F4710958-31A0-47A8-AE6F-1895B17264DA}
		{F2B62793-31A9-4B50-992D-485AB48BFD6A} = {F4710958-31A0-47A8-AE6F-1895B17264DA}
		{3BFECE82-CDDE-49D8-AC8D-E787F351A102} = {F4710958-31A0-47A8-AE6F-1895B17264DA}
		{CF98F3F3-0555-4344-9F26-11323C1A08BA} = {62C52E25-5CF7-4B09-8D25-E86FC3BA287C}
		{1BC1CB9D-6D34-4DE6-9C1D-FA6C9902B577} = {A24FE737-F435-4773-AC8B-2E3100BC2E4E}
		{0C022878-EB4D-4966-BFE7-8A30EC097577} = {F4710958-31A0-47A8-AE6F-1895B17264DA}
		{F0099E58-529D-4061-9A36-CA96F89966CB} = {62C52E25-5CF7-4B09-8D25-E86FC3BA287C}
		{4FEFE092-4E2F-40CC-93E4-D7FF08560838} = {A2BDB7B2-42AE-4328-889C-2064C9D2F6CA}
		{707701F6-FAB0-48A8-8C53-9606B532D58B} = {83BED495-D223-441B-B0B7-81814475F739}
		{2DAB21CF-916E-4E61-966B-EE07F22156CA} = {7D3BABE6-0143-47FB-AA85-FB418332B0C2}
		{58AA95F4-9EAF-46A7-A256-AC9D91850F2D} = {54A65670-A525-4E6F-A07A-62C330E6CCD4}
		{59E3F2E4-C449-4C32-8196-E45C7D86282B} = {54A65670-A525-4E6F-A07A-62C330E6CCD4}
		{EBF1D944-7E9A-4AC4-9AEC-782F64209FD1} = {A2BDB7B2-42AE-4328-889C-2064C9D2F6CA}
		{29B92898-DF29-4CE4-B73B-8B5E272AF6C3} = {7D3BABE6-0143-47FB-AA85-FB418332B0C2}
		{4223911F-242F-4B0C-8E99-6EC626FD3913} = {54A65670-A525-4E6F-A07A-62C330E6CCD4}
		{A7A9148D-39C5-44B0-BC74-2624AC22E558} = {4223911F-242F-4B0C-8E99-6EC626FD3913}
		{34F3EE19-D12C-4659-939F-D4325175B309} = {54A65670-A525-4E6F-A07A-62C330E6CCD4}
		{310DA169-E71F-4FCB-B8AC-166A2A2B0FC1} = {34F3EE19-D12C-4659-939F-D4325175B309}
		{14406C99-35BD-43B2-93C7-A1166498269D} = {4223911F-242F-4B0C-8E99-6EC626FD3913}
		{2FFABECC-090C-4E23-92F4-DBAB2C516242} = {34F3EE19-D12C-4659-939F-D4325175B309}
		{689722C1-23B4-4BB9-9120-48A2EF143E11} = {34F3EE19-D12C-4659-939F-D4325175B309}
		{837C4C53-147E-4DBA-8132-4C0430274B70} = {34F3EE19-D12C-4659-939F-D4325175B309}
		{D68F87B4-AE86-44B8-A281-6FEEEFEB1719} = {34F3EE19-D12C-4659-939F-D4325175B309}
		{2B4E07ED-9FE9-452B-B7C0-199235A2F79B} = {4223911F-242F-4B0C-8E99-6EC626FD3913}
		{CDD2D205-831E-49E4-A7DE-FB3A0F1C19B3} = {54A65670-A525-4E6F-A07A-62C330E6CCD4}
		{3A13E392-9C7C-452A-B1FB-0A1310AA6F21} = {CDD2D205-831E-49E4-A7DE-FB3A0F1C19B3}
		{2F478373-E046-4FE1-B9BF-09EFB2BFE702} = {CDD2D205-831E-49E4-A7DE-FB3A0F1C19B3}
		{1269C4D7-E1D0-4ACB-806C-14B43C70D796} = {CDD2D205-831E-49E4-A7DE-FB3A0F1C19B3}
	EndGlobalSection
	GlobalSection(ExtensibilityGlobals) = postSolution
		SolutionGuid = {FC0BE920-1EE5-45B0-AB56-BF592EE658BB}
	EndGlobalSection
EndGlobal
