
Microsoft Visual Studio Solution File, Format Version 12.00
# Visual Studio Version 16
VisualStudioVersion = 16.0.29709.97
MinimumVisualStudioVersion = 10.0.40219.1
Project("{2150E333-8FDC-42A3-9474-1A3956D46DE8}") = "framework", "framework", "{75E93B91-0143-42BF-A6E3-834687BC99A7}"
EndProject
Project("{2150E333-8FDC-42A3-9474-1A3956D46DE8}") = "services", "services", "{4FED09AD-2F0C-48CA-91ED-440C3155A7BB}"
EndProject
Project("{2150E333-8FDC-42A3-9474-1A3956D46DE8}") = "tests", "tests", "{B1C405CF-E7EE-45D7-B4D5-F2D9802B6466}"
EndProject
Project("{2150E333-8FDC-42A3-9474-1A3956D46DE8}") = "web", "web", "{045D3799-3AFB-4BF5-BAA8-8502153D9293}"
EndProject
Project("{2150E333-8FDC-42A3-9474-1A3956D46DE8}") = "AdminPortal", "AdminPortal", "{F4710958-31A0-47A8-AE6F-1895B17264DA}"
	ProjectSection(SolutionItems) = preProject
		web\AdminPortal\README.md = web\AdminPortal\README.md
	EndProjectSection
EndProject
Project("{2150E333-8FDC-42A3-9474-1A3956D46DE8}") = "services", "services", "{F3D51002-0397-47F4-8DB6-01328A8722A8}"
EndProject
Project("{2150E333-8FDC-42A3-9474-1A3956D46DE8}") = "web", "web", "{8CC97986-5928-43E8-81DD-57EF9A9496F5}"
EndProject
Project("{9A19103F-16F7-4668-BE54-9A1E7A4F7556}") = "DataImport.Domain", "services\DataImport\DataImport.Domain\DataImport.Domain.csproj", "{60090445-E723-4E45-B62C-3C93927442F0}"
EndProject
Project("{9A19103F-16F7-4668-BE54-9A1E7A4F7556}") = "DataImport.Core", "services\DataImport\DataImport.Core\DataImport.Core.csproj", "{BE972E77-F7B8-4BF4-9536-1A7C8C2794DD}"
EndProject
Project("{9A19103F-16F7-4668-BE54-9A1E7A4F7556}") = "DataImport.Services", "services\DataImport\DataImport.Services\DataImport.Services.csproj", "{E415A84E-6911-41C0-A549-9F5017ED95B4}"
EndProject
Project("{9A19103F-16F7-4668-BE54-9A1E7A4F7556}") = "DataImport.Data", "services\DataImport\DataImport.Data\DataImport.Data.csproj", "{76E8449D-6050-49D8-ABC6-C4CE07B97DC9}"
EndProject
Project("{9A19103F-16F7-4668-BE54-9A1E7A4F7556}") = "AdminPortal.Web", "web\AdminPortal\AdminPortal.Web\AdminPortal.Web.csproj", "{637B5EF1-A72D-4B74-AE72-A7DCC539F5C7}"
EndProject
Project("{2150E333-8FDC-42A3-9474-1A3956D46DE8}") = "DataImport", "DataImport", "{F7CE6274-E8A6-4A2F-B2F2-282315BC3DD8}"
EndProject
Project("{2150E333-8FDC-42A3-9474-1A3956D46DE8}") = "Identity", "Identity", "{A24FE737-F435-4773-AC8B-2E3100BC2E4E}"
EndProject
Project("{2150E333-8FDC-42A3-9474-1A3956D46DE8}") = "tests", "tests", "{A2BDB7B2-42AE-4328-889C-2064C9D2F6CA}"
EndProject
Project("{9A19103F-16F7-4668-BE54-9A1E7A4F7556}") = "Identity.Api", "services\Identity\Identity.Api\Identity.Api.csproj", "{04B81463-23D5-4DCA-A237-B60A7C1A7B22}"
EndProject
Project("{9A19103F-16F7-4668-BE54-9A1E7A4F7556}") = "Identity.UnitTests", "services\Identity\Identity.UnitTests\Identity.UnitTests.csproj", "{19BA4732-93EA-40E0-B208-BE77AAE214B4}"
EndProject
Project("{9A19103F-16F7-4668-BE54-9A1E7A4F7556}") = "Identity.FunctionalTests", "services\Identity\Identity.FunctionalTests\Identity.FunctionalTests.csproj", "{048A906D-6FBA-4934-9294-EAC2CCF625C9}"
EndProject
Project("{9A19103F-16F7-4668-BE54-9A1E7A4F7556}") = "Identity.Core", "services\Identity\Identity.Core\Identity.Core.csproj", "{1AEF25C9-E9FA-4ABC-8F79-DE4D95640B3E}"
EndProject
Project("{9A19103F-16F7-4668-BE54-9A1E7A4F7556}") = "Identity.Domain", "services\Identity\Identity.Domain\Identity.Domain.csproj", "{1D990BCD-FBD4-46A2-B8D3-BCDCC6222015}"
EndProject
Project("{9A19103F-16F7-4668-BE54-9A1E7A4F7556}") = "Identity.Infrastructure", "services\Identity\Identity.Infrastructure\Identity.Infrastructure.csproj", "{DA83581B-50A1-4BA9-A7FF-6C66EE4D7598}"
EndProject
Project("{2150E333-8FDC-42A3-9474-1A3956D46DE8}") = "Provisioning", "Provisioning", "{4AE26BDD-1D8F-4C16-B075-7EB1BB51453E}"
EndProject
Project("{2150E333-8FDC-42A3-9474-1A3956D46DE8}") = "tests", "tests", "{7D3BABE6-0143-47FB-AA85-FB418332B0C2}"
EndProject
Project("{9A19103F-16F7-4668-BE54-9A1E7A4F7556}") = "Provisioning.UnitTests", "services\Provisioning\Provisioning.UnitTests\Provisioning.UnitTests.csproj", "{E37C9D56-FFA1-422C-AE35-31B34F722BEB}"
EndProject
Project("{9A19103F-16F7-4668-BE54-9A1E7A4F7556}") = "Provisioning.Api", "services\Provisioning\Provisioning.Api\Provisioning.Api.csproj", "{43040CF2-F85F-466A-8027-F27789AEB7AC}"
EndProject
Project("{9A19103F-16F7-4668-BE54-9A1E7A4F7556}") = "Provisioning.Core", "services\Provisioning\Provisioning.Core\Provisioning.Core.csproj", "{9A71073D-7B20-4D9E-A34C-39DA80D280CA}"
EndProject
Project("{9A19103F-16F7-4668-BE54-9A1E7A4F7556}") = "DataImport.Api", "services\DataImport\DataImport.Api\DataImport.Api.csproj", "{5EC71853-4039-4DF3-BF57-983D98B5A8EF}"
EndProject
Project("{2150E333-8FDC-42A3-9474-1A3956D46DE8}") = "SolutionItems", "SolutionItems", "{01310679-E464-41DD-B8CC-C26EF510ED1D}"
EndProject
Project("{2150E333-8FDC-42A3-9474-1A3956D46DE8}") = "SolutionScripts", "SolutionScripts", "{B9D601CA-B681-4CD6-A7CB-E359D002E95E}"
	ProjectSection(SolutionItems) = preProject
		Local-Environment.ps1 = Local-Environment.ps1
	EndProjectSection
EndProject
Project("{FAE04EC0-301F-11D3-BF4B-00C04F79EFBC}") = "Provisioning.Domain", "services\Provisioning\Provisioning.Domain\Provisioning.Domain.csproj", "{510264D5-62C1-42F3-ABBD-4CFA5800A895}"
EndProject
Project("{FAE04EC0-301F-11D3-BF4B-00C04F79EFBC}") = "Provisioning.Infrastructure", "services\Provisioning\Provisioning.Infrastructure\Provisioning.Infrastructure.csproj", "{BF8752AF-6804-4C41-9336-60F8E0CA6C05}"
EndProject
Global
	GlobalSection(SolutionConfigurationPlatforms) = preSolution
		Debug|Any CPU = Debug|Any CPU
		Release|Any CPU = Release|Any CPU
	EndGlobalSection
	GlobalSection(ProjectConfigurationPlatforms) = postSolution
		{60090445-E723-4E45-B62C-3C93927442F0}.Debug|Any CPU.ActiveCfg = Debug|Any CPU
		{60090445-E723-4E45-B62C-3C93927442F0}.Debug|Any CPU.Build.0 = Debug|Any CPU
		{60090445-E723-4E45-B62C-3C93927442F0}.Release|Any CPU.ActiveCfg = Release|Any CPU
		{60090445-E723-4E45-B62C-3C93927442F0}.Release|Any CPU.Build.0 = Release|Any CPU
		{BE972E77-F7B8-4BF4-9536-1A7C8C2794DD}.Debug|Any CPU.ActiveCfg = Debug|Any CPU
		{BE972E77-F7B8-4BF4-9536-1A7C8C2794DD}.Debug|Any CPU.Build.0 = Debug|Any CPU
		{BE972E77-F7B8-4BF4-9536-1A7C8C2794DD}.Release|Any CPU.ActiveCfg = Release|Any CPU
		{BE972E77-F7B8-4BF4-9536-1A7C8C2794DD}.Release|Any CPU.Build.0 = Release|Any CPU
		{E415A84E-6911-41C0-A549-9F5017ED95B4}.Debug|Any CPU.ActiveCfg = Debug|Any CPU
		{E415A84E-6911-41C0-A549-9F5017ED95B4}.Debug|Any CPU.Build.0 = Debug|Any CPU
		{E415A84E-6911-41C0-A549-9F5017ED95B4}.Release|Any CPU.ActiveCfg = Release|Any CPU
		{E415A84E-6911-41C0-A549-9F5017ED95B4}.Release|Any CPU.Build.0 = Release|Any CPU
		{76E8449D-6050-49D8-ABC6-C4CE07B97DC9}.Debug|Any CPU.ActiveCfg = Debug|Any CPU
		{76E8449D-6050-49D8-ABC6-C4CE07B97DC9}.Debug|Any CPU.Build.0 = Debug|Any CPU
		{76E8449D-6050-49D8-ABC6-C4CE07B97DC9}.Release|Any CPU.ActiveCfg = Release|Any CPU
		{76E8449D-6050-49D8-ABC6-C4CE07B97DC9}.Release|Any CPU.Build.0 = Release|Any CPU
		{637B5EF1-A72D-4B74-AE72-A7DCC539F5C7}.Debug|Any CPU.ActiveCfg = Debug|Any CPU
		{637B5EF1-A72D-4B74-AE72-A7DCC539F5C7}.Debug|Any CPU.Build.0 = Debug|Any CPU
		{637B5EF1-A72D-4B74-AE72-A7DCC539F5C7}.Release|Any CPU.ActiveCfg = Release|Any CPU
		{637B5EF1-A72D-4B74-AE72-A7DCC539F5C7}.Release|Any CPU.Build.0 = Release|Any CPU
		{04B81463-23D5-4DCA-A237-B60A7C1A7B22}.Debug|Any CPU.ActiveCfg = Debug|Any CPU
		{04B81463-23D5-4DCA-A237-B60A7C1A7B22}.Debug|Any CPU.Build.0 = Debug|Any CPU
		{04B81463-23D5-4DCA-A237-B60A7C1A7B22}.Release|Any CPU.ActiveCfg = Release|Any CPU
		{04B81463-23D5-4DCA-A237-B60A7C1A7B22}.Release|Any CPU.Build.0 = Release|Any CPU
		{19BA4732-93EA-40E0-B208-BE77AAE214B4}.Debug|Any CPU.ActiveCfg = Debug|Any CPU
		{19BA4732-93EA-40E0-B208-BE77AAE214B4}.Debug|Any CPU.Build.0 = Debug|Any CPU
		{19BA4732-93EA-40E0-B208-BE77AAE214B4}.Release|Any CPU.ActiveCfg = Release|Any CPU
		{19BA4732-93EA-40E0-B208-BE77AAE214B4}.Release|Any CPU.Build.0 = Release|Any CPU
		{048A906D-6FBA-4934-9294-EAC2CCF625C9}.Debug|Any CPU.ActiveCfg = Debug|Any CPU
		{048A906D-6FBA-4934-9294-EAC2CCF625C9}.Debug|Any CPU.Build.0 = Debug|Any CPU
		{048A906D-6FBA-4934-9294-EAC2CCF625C9}.Release|Any CPU.ActiveCfg = Release|Any CPU
		{048A906D-6FBA-4934-9294-EAC2CCF625C9}.Release|Any CPU.Build.0 = Release|Any CPU
		{1AEF25C9-E9FA-4ABC-8F79-DE4D95640B3E}.Debug|Any CPU.ActiveCfg = Debug|Any CPU
		{1AEF25C9-E9FA-4ABC-8F79-DE4D95640B3E}.Debug|Any CPU.Build.0 = Debug|Any CPU
		{1AEF25C9-E9FA-4ABC-8F79-DE4D95640B3E}.Release|Any CPU.ActiveCfg = Release|Any CPU
		{1AEF25C9-E9FA-4ABC-8F79-DE4D95640B3E}.Release|Any CPU.Build.0 = Release|Any CPU
		{1D990BCD-FBD4-46A2-B8D3-BCDCC6222015}.Debug|Any CPU.ActiveCfg = Debug|Any CPU
		{1D990BCD-FBD4-46A2-B8D3-BCDCC6222015}.Debug|Any CPU.Build.0 = Debug|Any CPU
		{1D990BCD-FBD4-46A2-B8D3-BCDCC6222015}.Release|Any CPU.ActiveCfg = Release|Any CPU
		{1D990BCD-FBD4-46A2-B8D3-BCDCC6222015}.Release|Any CPU.Build.0 = Release|Any CPU
		{DA83581B-50A1-4BA9-A7FF-6C66EE4D7598}.Debug|Any CPU.ActiveCfg = Debug|Any CPU
		{DA83581B-50A1-4BA9-A7FF-6C66EE4D7598}.Debug|Any CPU.Build.0 = Debug|Any CPU
		{DA83581B-50A1-4BA9-A7FF-6C66EE4D7598}.Release|Any CPU.ActiveCfg = Release|Any CPU
		{DA83581B-50A1-4BA9-A7FF-6C66EE4D7598}.Release|Any CPU.Build.0 = Release|Any CPU
		{E37C9D56-FFA1-422C-AE35-31B34F722BEB}.Debug|Any CPU.ActiveCfg = Debug|Any CPU
		{E37C9D56-FFA1-422C-AE35-31B34F722BEB}.Debug|Any CPU.Build.0 = Debug|Any CPU
		{E37C9D56-FFA1-422C-AE35-31B34F722BEB}.Release|Any CPU.ActiveCfg = Release|Any CPU
		{E37C9D56-FFA1-422C-AE35-31B34F722BEB}.Release|Any CPU.Build.0 = Release|Any CPU
		{43040CF2-F85F-466A-8027-F27789AEB7AC}.Debug|Any CPU.ActiveCfg = Debug|Any CPU
		{43040CF2-F85F-466A-8027-F27789AEB7AC}.Debug|Any CPU.Build.0 = Debug|Any CPU
		{43040CF2-F85F-466A-8027-F27789AEB7AC}.Release|Any CPU.ActiveCfg = Release|Any CPU
		{43040CF2-F85F-466A-8027-F27789AEB7AC}.Release|Any CPU.Build.0 = Release|Any CPU
		{9A71073D-7B20-4D9E-A34C-39DA80D280CA}.Debug|Any CPU.ActiveCfg = Debug|Any CPU
		{9A71073D-7B20-4D9E-A34C-39DA80D280CA}.Debug|Any CPU.Build.0 = Debug|Any CPU
		{9A71073D-7B20-4D9E-A34C-39DA80D280CA}.Release|Any CPU.ActiveCfg = Release|Any CPU
		{9A71073D-7B20-4D9E-A34C-39DA80D280CA}.Release|Any CPU.Build.0 = Release|Any CPU
		{5EC71853-4039-4DF3-BF57-983D98B5A8EF}.Debug|Any CPU.ActiveCfg = Debug|Any CPU
		{5EC71853-4039-4DF3-BF57-983D98B5A8EF}.Debug|Any CPU.Build.0 = Debug|Any CPU
		{5EC71853-4039-4DF3-BF57-983D98B5A8EF}.Release|Any CPU.ActiveCfg = Release|Any CPU
		{5EC71853-4039-4DF3-BF57-983D98B5A8EF}.Release|Any CPU.Build.0 = Release|Any CPU
		{510264D5-62C1-42F3-ABBD-4CFA5800A895}.Debug|Any CPU.ActiveCfg = Debug|Any CPU
		{510264D5-62C1-42F3-ABBD-4CFA5800A895}.Debug|Any CPU.Build.0 = Debug|Any CPU
		{510264D5-62C1-42F3-ABBD-4CFA5800A895}.Release|Any CPU.ActiveCfg = Release|Any CPU
		{510264D5-62C1-42F3-ABBD-4CFA5800A895}.Release|Any CPU.Build.0 = Release|Any CPU
		{BF8752AF-6804-4C41-9336-60F8E0CA6C05}.Debug|Any CPU.ActiveCfg = Debug|Any CPU
		{BF8752AF-6804-4C41-9336-60F8E0CA6C05}.Debug|Any CPU.Build.0 = Debug|Any CPU
		{BF8752AF-6804-4C41-9336-60F8E0CA6C05}.Release|Any CPU.ActiveCfg = Release|Any CPU
		{BF8752AF-6804-4C41-9336-60F8E0CA6C05}.Release|Any CPU.Build.0 = Release|Any CPU
	EndGlobalSection
	GlobalSection(SolutionProperties) = preSolution
		HideSolutionNode = FALSE
	EndGlobalSection
	GlobalSection(NestedProjects) = preSolution
		{F4710958-31A0-47A8-AE6F-1895B17264DA} = {045D3799-3AFB-4BF5-BAA8-8502153D9293}
		{F3D51002-0397-47F4-8DB6-01328A8722A8} = {B1C405CF-E7EE-45D7-B4D5-F2D9802B6466}
		{8CC97986-5928-43E8-81DD-57EF9A9496F5} = {B1C405CF-E7EE-45D7-B4D5-F2D9802B6466}
		{60090445-E723-4E45-B62C-3C93927442F0} = {F7CE6274-E8A6-4A2F-B2F2-282315BC3DD8}
		{BE972E77-F7B8-4BF4-9536-1A7C8C2794DD} = {F7CE6274-E8A6-4A2F-B2F2-282315BC3DD8}
		{E415A84E-6911-41C0-A549-9F5017ED95B4} = {F7CE6274-E8A6-4A2F-B2F2-282315BC3DD8}
		{76E8449D-6050-49D8-ABC6-C4CE07B97DC9} = {F7CE6274-E8A6-4A2F-B2F2-282315BC3DD8}
		{637B5EF1-A72D-4B74-AE72-A7DCC539F5C7} = {F4710958-31A0-47A8-AE6F-1895B17264DA}
		{F7CE6274-E8A6-4A2F-B2F2-282315BC3DD8} = {4FED09AD-2F0C-48CA-91ED-440C3155A7BB}
		{A24FE737-F435-4773-AC8B-2E3100BC2E4E} = {4FED09AD-2F0C-48CA-91ED-440C3155A7BB}
		{A2BDB7B2-42AE-4328-889C-2064C9D2F6CA} = {A24FE737-F435-4773-AC8B-2E3100BC2E4E}
		{04B81463-23D5-4DCA-A237-B60A7C1A7B22} = {A24FE737-F435-4773-AC8B-2E3100BC2E4E}
		{19BA4732-93EA-40E0-B208-BE77AAE214B4} = {A2BDB7B2-42AE-4328-889C-2064C9D2F6CA}
		{048A906D-6FBA-4934-9294-EAC2CCF625C9} = {A2BDB7B2-42AE-4328-889C-2064C9D2F6CA}
		{1AEF25C9-E9FA-4ABC-8F79-DE4D95640B3E} = {A24FE737-F435-4773-AC8B-2E3100BC2E4E}
		{1D990BCD-FBD4-46A2-B8D3-BCDCC6222015} = {A24FE737-F435-4773-AC8B-2E3100BC2E4E}
		{DA83581B-50A1-4BA9-A7FF-6C66EE4D7598} = {A24FE737-F435-4773-AC8B-2E3100BC2E4E}
		{4AE26BDD-1D8F-4C16-B075-7EB1BB51453E} = {4FED09AD-2F0C-48CA-91ED-440C3155A7BB}
		{7D3BABE6-0143-47FB-AA85-FB418332B0C2} = {4AE26BDD-1D8F-4C16-B075-7EB1BB51453E}
		{E37C9D56-FFA1-422C-AE35-31B34F722BEB} = {7D3BABE6-0143-47FB-AA85-FB418332B0C2}
		{43040CF2-F85F-466A-8027-F27789AEB7AC} = {4AE26BDD-1D8F-4C16-B075-7EB1BB51453E}
		{9A71073D-7B20-4D9E-A34C-39DA80D280CA} = {4AE26BDD-1D8F-4C16-B075-7EB1BB51453E}
		{5EC71853-4039-4DF3-BF57-983D98B5A8EF} = {F7CE6274-E8A6-4A2F-B2F2-282315BC3DD8}
		{B9D601CA-B681-4CD6-A7CB-E359D002E95E} = {01310679-E464-41DD-B8CC-C26EF510ED1D}
		{510264D5-62C1-42F3-ABBD-4CFA5800A895} = {4AE26BDD-1D8F-4C16-B075-7EB1BB51453E}
		{BF8752AF-6804-4C41-9336-60F8E0CA6C05} = {4AE26BDD-1D8F-4C16-B075-7EB1BB51453E}
	EndGlobalSection
	GlobalSection(ExtensibilityGlobals) = postSolution
		SolutionGuid = {FC0BE920-1EE5-45B0-AB56-BF592EE658BB}
	EndGlobalSection
EndGlobal
